// !$*UTF8*$!
{
	archiveVersion = 1;
	classes = {
	};
	objectVersion = 51;
	objects = {

/* Begin PBXBuildFile section */
		32DAFA0D3C475FF99B812DA7 /* Pods_MVVM_Fishing.framework in Frameworks */ = {isa = PBXBuildFile; fileRef = 0E3EE94E7F0A331B3DF713E2 /* Pods_MVVM_Fishing.framework */; };
		9C08B492228D9A0700705207 /* StoreViewController + UI + Bindings.swift in Sources */ = {isa = PBXBuildFile; fileRef = 9C08B491228D9A0700705207 /* StoreViewController + UI + Bindings.swift */; };
		9C08B6DE22E747E500323D7F /* InventoryViewController + UI + Bindings.swift in Sources */ = {isa = PBXBuildFile; fileRef = 9C08B6DD22E747E500323D7F /* InventoryViewController + UI + Bindings.swift */; };
		9C0DD4E422F0587100D0F5BB /* PondMenuViewModelType.swift in Sources */ = {isa = PBXBuildFile; fileRef = 9C0DD4E322F0587100D0F5BB /* PondMenuViewModelType.swift */; };
		9C288B58230C5EE5001A067F /* PondMenuTableViewCellViewModelType.swift in Sources */ = {isa = PBXBuildFile; fileRef = 9C288B54230C5EE5001A067F /* PondMenuTableViewCellViewModelType.swift */; };
		9C288B59230C5EE5001A067F /* PondMenuTableViewCell.swift in Sources */ = {isa = PBXBuildFile; fileRef = 9C288B55230C5EE5001A067F /* PondMenuTableViewCell.swift */; };
		9C288B5A230C5EE5001A067F /* PondMenuTableViewCellViewModel.swift in Sources */ = {isa = PBXBuildFile; fileRef = 9C288B56230C5EE5001A067F /* PondMenuTableViewCellViewModel.swift */; };
		9C288B5C230C5F3A001A067F /* PondMenuViewController + UITableViewDelegate + UITableViewDataSource.swift in Sources */ = {isa = PBXBuildFile; fileRef = 9C288B5B230C5F3A001A067F /* PondMenuViewController + UITableViewDelegate + UITableViewDataSource.swift */; };
		9C288B5E230C790C001A067F /* RealmManager.swift in Sources */ = {isa = PBXBuildFile; fileRef = 9C288B5D230C790C001A067F /* RealmManager.swift */; };
		9C5195B8222507E30064E29E /* Fish.swift in Sources */ = {isa = PBXBuildFile; fileRef = 9C5195B7222507E30064E29E /* Fish.swift */; };
		9C5195BC222509E80064E29E /* Fishes.swift in Sources */ = {isa = PBXBuildFile; fileRef = 9C5195BB222509E80064E29E /* Fishes.swift */; };
		9C5195BE222510C70064E29E /* Breakable.swift in Sources */ = {isa = PBXBuildFile; fileRef = 9C5195BD222510C70064E29E /* Breakable.swift */; };
		9C5195C022252CBC0064E29E /* Reel.swift in Sources */ = {isa = PBXBuildFile; fileRef = 9C5195BF22252CBC0064E29E /* Reel.swift */; };
		9C5195C222252E6A0064E29E /* Line.swift in Sources */ = {isa = PBXBuildFile; fileRef = 9C5195C122252E6A0064E29E /* Line.swift */; };
		9C5195C422252F120064E29E /* Hookable.swift in Sources */ = {isa = PBXBuildFile; fileRef = 9C5195C322252F120064E29E /* Hookable.swift */; };
		9C5195C6222531770064E29E /* Hook.swift in Sources */ = {isa = PBXBuildFile; fileRef = 9C5195C5222531770064E29E /* Hook.swift */; };
		9C5195C9222542CC0064E29E /* ProfileStoryboard.storyboard in Resources */ = {isa = PBXBuildFile; fileRef = 9C5195C8222542CC0064E29E /* ProfileStoryboard.storyboard */; };
		9C5195CB222543050064E29E /* ProfileViewController.swift in Sources */ = {isa = PBXBuildFile; fileRef = 9C5195CA222543050064E29E /* ProfileViewController.swift */; };
		9C5195CD222543230064E29E /* ProfileViewModel.swift in Sources */ = {isa = PBXBuildFile; fileRef = 9C5195CC222543230064E29E /* ProfileViewModel.swift */; };
		9C5195D322256E770064E29E /* StoreViewController.swift in Sources */ = {isa = PBXBuildFile; fileRef = 9C5195D222256E770064E29E /* StoreViewController.swift */; };
		9C5195D522256E800064E29E /* StoreStoryboard.storyboard in Resources */ = {isa = PBXBuildFile; fileRef = 9C5195D422256E800064E29E /* StoreStoryboard.storyboard */; };
		9C5195D722256E920064E29E /* StoreViewModel.swift in Sources */ = {isa = PBXBuildFile; fileRef = 9C5195D622256E920064E29E /* StoreViewModel.swift */; };
		9C51B7DE22231B5700DBE37C /* Base.swift in Sources */ = {isa = PBXBuildFile; fileRef = 9C51B7DD22231B5700DBE37C /* Base.swift */; };
		9C51B7E122231D3300DBE37C /* Location.swift in Sources */ = {isa = PBXBuildFile; fileRef = 9C51B7E022231D3300DBE37C /* Location.swift */; };
		9C51B7E42223260700DBE37C /* Bases.swift in Sources */ = {isa = PBXBuildFile; fileRef = 9C51B7E32223260700DBE37C /* Bases.swift */; };
		9C526303222571CB00776746 /* TopView.swift in Sources */ = {isa = PBXBuildFile; fileRef = 9C526302222571CB00776746 /* TopView.swift */; };
		9C5383DA2260B52B00BFE552 /* ProfileTableViewCell.swift in Sources */ = {isa = PBXBuildFile; fileRef = 9C5383D92260B52B00BFE552 /* ProfileTableViewCell.swift */; };
		9C5383DC2260B5C300BFE552 /* ProfileTableViewCellViewModel.swift in Sources */ = {isa = PBXBuildFile; fileRef = 9C5383DB2260B5C300BFE552 /* ProfileTableViewCellViewModel.swift */; };
		9C5383DE2260B5E200BFE552 /* ProfileTableViewCellViewModelType.swift in Sources */ = {isa = PBXBuildFile; fileRef = 9C5383DD2260B5E200BFE552 /* ProfileTableViewCellViewModelType.swift */; };
		9C5383E02260C78500BFE552 /* ProfileViewController + UITableViewDelegate + UITableViewDataSource.swift in Sources */ = {isa = PBXBuildFile; fileRef = 9C5383DF2260C78500BFE552 /* ProfileViewController + UITableViewDelegate + UITableViewDataSource.swift */; };
		9C5383E22260C7AA00BFE552 /* ProfileViewControllerViewModelType.swift in Sources */ = {isa = PBXBuildFile; fileRef = 9C5383E12260C7AA00BFE552 /* ProfileViewControllerViewModelType.swift */; };
		9C5383EC2260FCFD00BFE552 /* FishMarketViewControllerViewModelType.swift in Sources */ = {isa = PBXBuildFile; fileRef = 9C5383E42260FCFD00BFE552 /* FishMarketViewControllerViewModelType.swift */; };
		9C5383ED2260FCFD00BFE552 /* FishMarketViewModel.swift in Sources */ = {isa = PBXBuildFile; fileRef = 9C5383E52260FCFD00BFE552 /* FishMarketViewModel.swift */; };
		9C5383EE2260FCFD00BFE552 /* FishMarketTableViewCellViewModelType.swift in Sources */ = {isa = PBXBuildFile; fileRef = 9C5383E72260FCFD00BFE552 /* FishMarketTableViewCellViewModelType.swift */; };
		9C5383EF2260FCFD00BFE552 /* FishMarketTableViewCellViewModel.swift in Sources */ = {isa = PBXBuildFile; fileRef = 9C5383E82260FCFD00BFE552 /* FishMarketTableViewCellViewModel.swift */; };
		9C5383F02260FCFD00BFE552 /* FishMarketTableViewCell.swift in Sources */ = {isa = PBXBuildFile; fileRef = 9C5383E92260FCFD00BFE552 /* FishMarketTableViewCell.swift */; };
		9C5383F12260FCFD00BFE552 /* FishMarketViewController.swift in Sources */ = {isa = PBXBuildFile; fileRef = 9C5383EA2260FCFD00BFE552 /* FishMarketViewController.swift */; };
		9C5383F22260FCFD00BFE552 /* FishMarketStoryboard.storyboard in Resources */ = {isa = PBXBuildFile; fileRef = 9C5383EB2260FCFD00BFE552 /* FishMarketStoryboard.storyboard */; };
		9C5383F42261016A00BFE552 /* FishMarketViewController + UITableViewDelegate + UITableViewDataSource.swift in Sources */ = {isa = PBXBuildFile; fileRef = 9C5383F32261016A00BFE552 /* FishMarketViewController + UITableViewDelegate + UITableViewDataSource.swift */; };
		9C6BB3E4222E83F600A3AB57 /* BaitsData.swift in Sources */ = {isa = PBXBuildFile; fileRef = 9C6BB3E3222E83F600A3AB57 /* BaitsData.swift */; };
		9C6D6E0122FEFD9E00E5323C /* moscow_river_main.jpg in Resources */ = {isa = PBXBuildFile; fileRef = 9C6D6DFC22FEFD9D00E5323C /* moscow_river_main.jpg */; };
		9C6D6E0222FEFD9E00E5323C /* platnik_main.jpg in Resources */ = {isa = PBXBuildFile; fileRef = 9C6D6DFE22FEFD9D00E5323C /* platnik_main.jpg */; };
		9C6D6E0322FEFD9E00E5323C /* country_main.jpg in Resources */ = {isa = PBXBuildFile; fileRef = 9C6D6E0022FEFD9D00E5323C /* country_main.jpg */; };
		9C6D6E052300295C00E5323C /* MainViewController + UI + Bindings.swift in Sources */ = {isa = PBXBuildFile; fileRef = 9C6D6E042300295C00E5323C /* MainViewController + UI + Bindings.swift */; };
		9C7534FD226606EB00BF25F1 /* SettingsViewControllerViewModelType.swift in Sources */ = {isa = PBXBuildFile; fileRef = 9C7534F4226606EA00BF25F1 /* SettingsViewControllerViewModelType.swift */; };
		9C7534FE226606EB00BF25F1 /* SettingsViewModel.swift in Sources */ = {isa = PBXBuildFile; fileRef = 9C7534F5226606EA00BF25F1 /* SettingsViewModel.swift */; };
		9C7534FF226606EB00BF25F1 /* SettingsTableViewCellViewModelType.swift in Sources */ = {isa = PBXBuildFile; fileRef = 9C7534F7226606EA00BF25F1 /* SettingsTableViewCellViewModelType.swift */; };
		9C753500226606EB00BF25F1 /* SettingsTableViewCellViewModel.swift in Sources */ = {isa = PBXBuildFile; fileRef = 9C7534F8226606EA00BF25F1 /* SettingsTableViewCellViewModel.swift */; };
		9C753501226606EB00BF25F1 /* SettingsTableViewCell.swift in Sources */ = {isa = PBXBuildFile; fileRef = 9C7534F9226606EA00BF25F1 /* SettingsTableViewCell.swift */; };
		9C753502226606EB00BF25F1 /* SettingsViewController.swift in Sources */ = {isa = PBXBuildFile; fileRef = 9C7534FA226606EA00BF25F1 /* SettingsViewController.swift */; };
		9C753503226606EB00BF25F1 /* SettingsViewController + UITableViewDelegate + UITableViewDataSource.swift in Sources */ = {isa = PBXBuildFile; fileRef = 9C7534FB226606EA00BF25F1 /* SettingsViewController + UITableViewDelegate + UITableViewDataSource.swift */; };
		9C753504226606EB00BF25F1 /* SettingsVCStoryboard.storyboard in Resources */ = {isa = PBXBuildFile; fileRef = 9C7534FC226606EA00BF25F1 /* SettingsVCStoryboard.storyboard */; };
		9C80B74A2310618A009AEEE8 /* ob_main.jpg in Resources */ = {isa = PBXBuildFile; fileRef = 9C80B7492310618A009AEEE8 /* ob_main.jpg */; };
		9C80B74D23106EC0009AEEE8 /* ob_1.jpg in Resources */ = {isa = PBXBuildFile; fileRef = 9C80B74B23106EBF009AEEE8 /* ob_1.jpg */; };
		9C80B74E23106EC0009AEEE8 /* ob_2.jpg in Resources */ = {isa = PBXBuildFile; fileRef = 9C80B74C23106EBF009AEEE8 /* ob_2.jpg */; };
		9C80B75023106EC9009AEEE8 /* platnik_2.jpg in Resources */ = {isa = PBXBuildFile; fileRef = 9C80B74F23106EC8009AEEE8 /* platnik_2.jpg */; };
		9C80B75323106ED2009AEEE8 /* moscow_river_1.jpg in Resources */ = {isa = PBXBuildFile; fileRef = 9C80B75123106ED2009AEEE8 /* moscow_river_1.jpg */; };
		9C80B75423106ED2009AEEE8 /* moscow_river_2.jpg in Resources */ = {isa = PBXBuildFile; fileRef = 9C80B75223106ED2009AEEE8 /* moscow_river_2.jpg */; };
		9C80B75723106EDC009AEEE8 /* country_1.jpg in Resources */ = {isa = PBXBuildFile; fileRef = 9C80B75523106EDC009AEEE8 /* country_1.jpg */; };
		9C80B75823106EDC009AEEE8 /* country_2.jpg in Resources */ = {isa = PBXBuildFile; fileRef = 9C80B75623106EDC009AEEE8 /* country_2.jpg */; };
		9C80B75A23113359009AEEE8 /* LocationViewController + UI + Bindings.swift in Sources */ = {isa = PBXBuildFile; fileRef = 9C80B75923113359009AEEE8 /* LocationViewController + UI + Bindings.swift */; };
		9C80B75C2311386E009AEEE8 /* TransparentTopView.swift in Sources */ = {isa = PBXBuildFile; fileRef = 9C80B75B2311386E009AEEE8 /* TransparentTopView.swift */; };
		9C8B6596225E18B5000B6A5B /* DefaultsManager.swift in Sources */ = {isa = PBXBuildFile; fileRef = 9C8B6595225E18B5000B6A5B /* DefaultsManager.swift */; };
		9CA1611E2262572300848A75 /* UserField.swift in Sources */ = {isa = PBXBuildFile; fileRef = 9CA1611D2262572300848A75 /* UserField.swift */; };
		9CA16120226264C200848A75 /* Reflectable.swift in Sources */ = {isa = PBXBuildFile; fileRef = 9CA1611F226264C200848A75 /* Reflectable.swift */; };
		9CA4E31922FDAEFD001D30B0 /* ProfileViewController + UI + Bindings.swift in Sources */ = {isa = PBXBuildFile; fileRef = 9CA4E31822FDAEFD001D30B0 /* ProfileViewController + UI + Bindings.swift */; };
		9CAD523922207E8200732584 /* AppDelegate.swift in Sources */ = {isa = PBXBuildFile; fileRef = 9CAD523822207E8200732584 /* AppDelegate.swift */; };
		9CAD523B22207E8200732584 /* MainViewController.swift in Sources */ = {isa = PBXBuildFile; fileRef = 9CAD523A22207E8200732584 /* MainViewController.swift */; };
		9CAD523E22207E8200732584 /* Main.storyboard in Resources */ = {isa = PBXBuildFile; fileRef = 9CAD523C22207E8200732584 /* Main.storyboard */; };
		9CAD524322207E8600732584 /* LaunchScreen.storyboard in Resources */ = {isa = PBXBuildFile; fileRef = 9CAD524122207E8600732584 /* LaunchScreen.storyboard */; };
		9CB3F3272229655D00B1F625 /* ScrollBar.swift in Sources */ = {isa = PBXBuildFile; fileRef = 9CB3F3262229655D00B1F625 /* ScrollBar.swift */; };
		9CB3F3292229656F00B1F625 /* ScrollBarCell.swift in Sources */ = {isa = PBXBuildFile; fileRef = 9CB3F3282229656F00B1F625 /* ScrollBarCell.swift */; };
		9CB3F32B222A4B7700B1F625 /* ScrollBarDelegate.swift in Sources */ = {isa = PBXBuildFile; fileRef = 9CB3F32A222A4B7700B1F625 /* ScrollBarDelegate.swift */; };
		9CB3F32D222A5E2800B1F625 /* ScrollBarCellDelegate.swift in Sources */ = {isa = PBXBuildFile; fileRef = 9CB3F32C222A5E2800B1F625 /* ScrollBarCellDelegate.swift */; };
		9CB3F32F222BB03C00B1F625 /* InventoryTypes.swift in Sources */ = {isa = PBXBuildFile; fileRef = 9CB3F32E222BB03C00B1F625 /* InventoryTypes.swift */; };
		9CB3F331222C3D1E00B1F625 /* Assets.xcassets in Resources */ = {isa = PBXBuildFile; fileRef = 9CB3F330222C3D1D00B1F625 /* Assets.xcassets */; };
		9CB3F333222C45B400B1F625 /* StoreViewController + UITableViewDelegate + UITableViewDataSource.swift in Sources */ = {isa = PBXBuildFile; fileRef = 9CB3F332222C45B400B1F625 /* StoreViewController + UITableViewDelegate + UITableViewDataSource.swift */; };
		9CB3F335222CDC5200B1F625 /* Bait.swift in Sources */ = {isa = PBXBuildFile; fileRef = 9CB3F334222CDC5200B1F625 /* Bait.swift */; };
		9CB3F338222CDD8E00B1F625 /* ReelsData.swift in Sources */ = {isa = PBXBuildFile; fileRef = 9CB3F337222CDD8E00B1F625 /* ReelsData.swift */; };
		9CB3F33A222CDEBE00B1F625 /* LinesData.swift in Sources */ = {isa = PBXBuildFile; fileRef = 9CB3F339222CDEBE00B1F625 /* LinesData.swift */; };
		9CB3F33C222CF0D300B1F625 /* HooksData.swift in Sources */ = {isa = PBXBuildFile; fileRef = 9CB3F33B222CF0D300B1F625 /* HooksData.swift */; };
		9CB3F33F222D07F800B1F625 /* StoreTableViewCell.swift in Sources */ = {isa = PBXBuildFile; fileRef = 9CB3F33E222D07F800B1F625 /* StoreTableViewCell.swift */; };
		9CBAD1A2222D215E0059CF16 /* StoreTableViewCellViewModelType.swift in Sources */ = {isa = PBXBuildFile; fileRef = 9CBAD1A1222D215E0059CF16 /* StoreTableViewCellViewModelType.swift */; };
		9CBAD1A4222D68300059CF16 /* StoreTableViewCellViewModel.swift in Sources */ = {isa = PBXBuildFile; fileRef = 9CBAD1A3222D68300059CF16 /* StoreTableViewCellViewModel.swift */; };
		9CBAD1A6222D82630059CF16 /* StoreViewModelType.swift in Sources */ = {isa = PBXBuildFile; fileRef = 9CBAD1A5222D82630059CF16 /* StoreViewModelType.swift */; };
		9CBB225D22EF66E400E18698 /* PondsViewModelType.swift in Sources */ = {isa = PBXBuildFile; fileRef = 9CBB225422EF66E400E18698 /* PondsViewModelType.swift */; };
		9CBB225E22EF66E400E18698 /* PondsViewModel.swift in Sources */ = {isa = PBXBuildFile; fileRef = 9CBB225522EF66E400E18698 /* PondsViewModel.swift */; };
		9CBB225F22EF66E400E18698 /* PondsCollectionViewCellViewModelType.swift in Sources */ = {isa = PBXBuildFile; fileRef = 9CBB225722EF66E400E18698 /* PondsCollectionViewCellViewModelType.swift */; };
		9CBB226022EF66E400E18698 /* PondsCollectionViewCellViewModel.swift in Sources */ = {isa = PBXBuildFile; fileRef = 9CBB225822EF66E400E18698 /* PondsCollectionViewCellViewModel.swift */; };
		9CBB226122EF66E400E18698 /* PondsCollectionViewCell.swift in Sources */ = {isa = PBXBuildFile; fileRef = 9CBB225922EF66E400E18698 /* PondsCollectionViewCell.swift */; };
		9CBB226222EF66E400E18698 /* PondsViewController.swift in Sources */ = {isa = PBXBuildFile; fileRef = 9CBB225A22EF66E400E18698 /* PondsViewController.swift */; };
		9CBB226322EF66E400E18698 /* PondsViewController + UICollectionViewDelegate + UICollectionViewDataSource.swift in Sources */ = {isa = PBXBuildFile; fileRef = 9CBB225B22EF66E400E18698 /* PondsViewController + UICollectionViewDelegate + UICollectionViewDataSource.swift */; };
		9CBB226422EF66E400E18698 /* PondsStoryboard.storyboard in Resources */ = {isa = PBXBuildFile; fileRef = 9CBB225C22EF66E400E18698 /* PondsStoryboard.storyboard */; };
		9CCD3D1822211477008747FA /* InventoryViewController.swift in Sources */ = {isa = PBXBuildFile; fileRef = 9CCD3D1722211477008747FA /* InventoryViewController.swift */; };
		9CCD3D1A222114A1008747FA /* InventoryStoryboard.storyboard in Resources */ = {isa = PBXBuildFile; fileRef = 9CCD3D19222114A1008747FA /* InventoryStoryboard.storyboard */; };
		9CCD3D1C222119BF008747FA /* MainViewModel.swift in Sources */ = {isa = PBXBuildFile; fileRef = 9CCD3D1B222119BF008747FA /* MainViewModel.swift */; };
		9CCD3D1F22211CBE008747FA /* PondMenuViewModel.swift in Sources */ = {isa = PBXBuildFile; fileRef = 9CCD3D1E22211CBE008747FA /* PondMenuViewModel.swift */; };
		9CCD3D2122211CD9008747FA /* InventoryViewModel.swift in Sources */ = {isa = PBXBuildFile; fileRef = 9CCD3D2022211CD9008747FA /* InventoryViewModel.swift */; };
		9CCD3D2322211D13008747FA /* PondMenuStoryboard.storyboard in Resources */ = {isa = PBXBuildFile; fileRef = 9CCD3D2222211D13008747FA /* PondMenuStoryboard.storyboard */; };
		9CCD3D2522211D3B008747FA /* PondMenuViewController.swift in Sources */ = {isa = PBXBuildFile; fileRef = 9CCD3D2422211D3B008747FA /* PondMenuViewController.swift */; };
		9CD7071422F9EE45001F30A7 /* AppearanceManager.swift in Sources */ = {isa = PBXBuildFile; fileRef = 9CD7071322F9EE45001F30A7 /* AppearanceManager.swift */; };
		9CD7071622F9EFB1001F30A7 /* AppearanceProtocol.swift in Sources */ = {isa = PBXBuildFile; fileRef = 9CD7071522F9EFB1001F30A7 /* AppearanceProtocol.swift */; };
		9CDAE52D225E04DF0038B6FB /* Tackle.swift in Sources */ = {isa = PBXBuildFile; fileRef = 9CDAE52C225E04DF0038B6FB /* Tackle.swift */; };
		9CDD166322F230780027C3AF /* PondsViewController + UI + Bindings.swift in Sources */ = {isa = PBXBuildFile; fileRef = 9CDD166222F230780027C3AF /* PondsViewController + UI + Bindings.swift */; };
		9CDD166522F233B60027C3AF /* moneyFormatted.swift in Sources */ = {isa = PBXBuildFile; fileRef = 9CDD166422F233B60027C3AF /* moneyFormatted.swift */; };
		9CE00A252221310100B7F220 /* Rod.swift in Sources */ = {isa = PBXBuildFile; fileRef = 9CE00A242221310100B7F220 /* Rod.swift */; };
		9CE00A272221325600B7F220 /* User.swift in Sources */ = {isa = PBXBuildFile; fileRef = 9CE00A262221325600B7F220 /* User.swift */; };
		9CE00A2A222136A300B7F220 /* FishInPond.swift in Sources */ = {isa = PBXBuildFile; fileRef = 9CE00A29222136A300B7F220 /* FishInPond.swift */; };
		9CE00A2C222142EB00B7F220 /* ItemType.swift in Sources */ = {isa = PBXBuildFile; fileRef = 9CE00A2B222142EB00B7F220 /* ItemType.swift */; };
		9CE00A302222E59800B7F220 /* Rods.swift in Sources */ = {isa = PBXBuildFile; fileRef = 9CE00A2F2222E59800B7F220 /* Rods.swift */; };
		9CE00A342222F31C00B7F220 /* RodsData.swift in Sources */ = {isa = PBXBuildFile; fileRef = 9CE00A332222F31C00B7F220 /* RodsData.swift */; };
		9CE292782223A13500FECF2B /* BasesData.swift in Sources */ = {isa = PBXBuildFile; fileRef = 9CE292772223A13500FECF2B /* BasesData.swift */; };
		9CE2927C2223D1B700FECF2B /* LocationsData.swift in Sources */ = {isa = PBXBuildFile; fileRef = 9CE2927B2223D1B700FECF2B /* LocationsData.swift */; };
		9CE2927E2223D52300FECF2B /* DepthMap.swift in Sources */ = {isa = PBXBuildFile; fileRef = 9CE2927D2223D52300FECF2B /* DepthMap.swift */; };
		9CE292802223D55900FECF2B /* FishPopulation.swift in Sources */ = {isa = PBXBuildFile; fileRef = 9CE2927F2223D55900FECF2B /* FishPopulation.swift */; };
		9CE292822223D5F700FECF2B /* Locations.swift in Sources */ = {isa = PBXBuildFile; fileRef = 9CE292812223D5F700FECF2B /* Locations.swift */; };
		9CE292842223DF4200FECF2B /* Record.swift in Sources */ = {isa = PBXBuildFile; fileRef = 9CE292832223DF4200FECF2B /* Record.swift */; };
		9CEDA7F6225F972F004799A2 /* StaticStrings.swift in Sources */ = {isa = PBXBuildFile; fileRef = 9CEDA7F5225F972F004799A2 /* StaticStrings.swift */; };
		9CEDA7F8225F9E28004799A2 /* Palette.swift in Sources */ = {isa = PBXBuildFile; fileRef = 9CEDA7F7225F9E28004799A2 /* Palette.swift */; };
		9CFAB41F230A88BB00D3EF70 /* travel.json in Resources */ = {isa = PBXBuildFile; fileRef = 9CFAB41E230A88BB00D3EF70 /* travel.json */; };
		9CFAB429230AFAC500D3EF70 /* LocationViewModelType.swift in Sources */ = {isa = PBXBuildFile; fileRef = 9CFAB425230AFAC500D3EF70 /* LocationViewModelType.swift */; };
		9CFAB42A230AFAC500D3EF70 /* LocationViewModel.swift in Sources */ = {isa = PBXBuildFile; fileRef = 9CFAB426230AFAC500D3EF70 /* LocationViewModel.swift */; };
		9CFAB42B230AFAC500D3EF70 /* LocationViewController.swift in Sources */ = {isa = PBXBuildFile; fileRef = 9CFAB427230AFAC500D3EF70 /* LocationViewController.swift */; };
		9CFAB42C230AFAC500D3EF70 /* LocationStoryboard.storyboard in Resources */ = {isa = PBXBuildFile; fileRef = 9CFAB428230AFAC500D3EF70 /* LocationStoryboard.storyboard */; };
		9CFAB42E230AFD7600D3EF70 /* platnik_1.jpg in Resources */ = {isa = PBXBuildFile; fileRef = 9CFAB42D230AFD7600D3EF70 /* platnik_1.jpg */; };
		9CFAB430230B399100D3EF70 /* DepthMapGenerator.swift in Sources */ = {isa = PBXBuildFile; fileRef = 9CFAB42F230B399100D3EF70 /* DepthMapGenerator.swift */; };
		9CFAB432230BBC9800D3EF70 /* PondMenuViewController + UI + Bindings.swift in Sources */ = {isa = PBXBuildFile; fileRef = 9CFAB431230BBC9800D3EF70 /* PondMenuViewController + UI + Bindings.swift */; };
		9CFF8B7A22886A6F0076F269 /* Array+Extensions.swift in Sources */ = {isa = PBXBuildFile; fileRef = 9CFF8B2B22886A6E0076F269 /* Array+Extensions.swift */; };
		9CFF8B7B22886A6F0076F269 /* UISegmentedControl+Extensions.swift in Sources */ = {isa = PBXBuildFile; fileRef = 9CFF8B2C22886A6E0076F269 /* UISegmentedControl+Extensions.swift */; };
		9CFF8B7D22886A6F0076F269 /* UIViewController+Extensions.swift in Sources */ = {isa = PBXBuildFile; fileRef = 9CFF8B2E22886A6E0076F269 /* UIViewController+Extensions.swift */; };
		9CFF8B7F22886A6F0076F269 /* Date+Extension.swift in Sources */ = {isa = PBXBuildFile; fileRef = 9CFF8B3022886A6E0076F269 /* Date+Extension.swift */; };
		9CFF8B8122886A6F0076F269 /* UITextView+Extensions.swift in Sources */ = {isa = PBXBuildFile; fileRef = 9CFF8B3222886A6E0076F269 /* UITextView+Extensions.swift */; };
		9CFF8B8222886A6F0076F269 /* UIColor+Extensions.swift in Sources */ = {isa = PBXBuildFile; fileRef = 9CFF8B3322886A6E0076F269 /* UIColor+Extensions.swift */; };
		9CFF8B8322886A6F0076F269 /* UIImage+Extensions.swift in Sources */ = {isa = PBXBuildFile; fileRef = 9CFF8B3422886A6E0076F269 /* UIImage+Extensions.swift */; };
		9CFF8B8422886A6F0076F269 /* UISearchBar+Extensions.swift in Sources */ = {isa = PBXBuildFile; fileRef = 9CFF8B3522886A6E0076F269 /* UISearchBar+Extensions.swift */; };
		9CFF8B8522886A6F0076F269 /* UIApplication+Extensions.swift in Sources */ = {isa = PBXBuildFile; fileRef = 9CFF8B3622886A6E0076F269 /* UIApplication+Extensions.swift */; };
		9CFF8B8622886A6F0076F269 /* UIAlertController+Extensions.swift in Sources */ = {isa = PBXBuildFile; fileRef = 9CFF8B3722886A6E0076F269 /* UIAlertController+Extensions.swift */; };
		9CFF8B8722886A6F0076F269 /* Optional+Extensions.swift in Sources */ = {isa = PBXBuildFile; fileRef = 9CFF8B3822886A6E0076F269 /* Optional+Extensions.swift */; };
		9CFF8B8822886A6F0076F269 /* Common+Extensions.swift in Sources */ = {isa = PBXBuildFile; fileRef = 9CFF8B3922886A6E0076F269 /* Common+Extensions.swift */; };
		9CFF8B8922886A6F0076F269 /* Locale+Extensions.swift in Sources */ = {isa = PBXBuildFile; fileRef = 9CFF8B3A22886A6E0076F269 /* Locale+Extensions.swift */; };
		9CFF8B8A22886A6F0076F269 /* UITextField+Extensions.swift in Sources */ = {isa = PBXBuildFile; fileRef = 9CFF8B3B22886A6E0076F269 /* UITextField+Extensions.swift */; };
		9CFF8B8B22886A6F0076F269 /* AttributedTextBlock.swift in Sources */ = {isa = PBXBuildFile; fileRef = 9CFF8B3E22886A6E0076F269 /* AttributedTextBlock.swift */; };
		9CFF8B9D22886A6F0076F269 /* PickerViewViewController.swift in Sources */ = {isa = PBXBuildFile; fileRef = 9CFF8B5C22886A6E0076F269 /* PickerViewViewController.swift */; };
		9CFF8BAB22886A6F0076F269 /* SegmentedControl.swift in Sources */ = {isa = PBXBuildFile; fileRef = 9CFF8B7622886A6E0076F269 /* SegmentedControl.swift */; };
		9CFF8BAC22886A6F0076F269 /* GradientSlider.swift in Sources */ = {isa = PBXBuildFile; fileRef = 9CFF8B7722886A6E0076F269 /* GradientSlider.swift */; };
		9CFF8BAE22886A6F0076F269 /* Button.swift in Sources */ = {isa = PBXBuildFile; fileRef = 9CFF8B7922886A6E0076F269 /* Button.swift */; };
		9CFF8BB022887DB50076F269 /* InventoryViewController + UITableViewDelegate + UITableViewDataSource.swift in Sources */ = {isa = PBXBuildFile; fileRef = 9CFF8BAF22887DB50076F269 /* InventoryViewController + UITableViewDelegate + UITableViewDataSource.swift */; };
		9CFF8BB32288811A0076F269 /* InventoryTableViewCell.swift in Sources */ = {isa = PBXBuildFile; fileRef = 9CFF8BB22288811A0076F269 /* InventoryTableViewCell.swift */; };
		9CFF8BB5228941C60076F269 /* InventoryTableViewCellViewModelType.swift in Sources */ = {isa = PBXBuildFile; fileRef = 9CFF8BB4228941C60076F269 /* InventoryTableViewCellViewModelType.swift */; };
		9CFF8BB7228941DC0076F269 /* InventoryTableViewCellViewModel.swift in Sources */ = {isa = PBXBuildFile; fileRef = 9CFF8BB6228941DC0076F269 /* InventoryTableViewCellViewModel.swift */; };
		9CFF8BBC22897BFF0076F269 /* ItemTypeFormatted.swift in Sources */ = {isa = PBXBuildFile; fileRef = 9CFF8BBB22897BFF0076F269 /* ItemTypeFormatted.swift */; };
		9CFF8BBE228A91B10076F269 /* InventoryViewModelType.swift in Sources */ = {isa = PBXBuildFile; fileRef = 9CFF8BBD228A91B10076F269 /* InventoryViewModelType.swift */; };
		9CFF8BC0228B2CD80076F269 /* MainPrimaryKeys.swift in Sources */ = {isa = PBXBuildFile; fileRef = 9CFF8BBF228B2CD80076F269 /* MainPrimaryKeys.swift */; };
		9CFF8BC2228BDBB40076F269 /* FatalErrorMessages.swift in Sources */ = {isa = PBXBuildFile; fileRef = 9CFF8BC1228BDBB40076F269 /* FatalErrorMessages.swift */; };
/* End PBXBuildFile section */

/* Begin PBXFileReference section */
		0E3EE94E7F0A331B3DF713E2 /* Pods_MVVM_Fishing.framework */ = {isa = PBXFileReference; explicitFileType = wrapper.framework; includeInIndex = 0; path = Pods_MVVM_Fishing.framework; sourceTree = BUILT_PRODUCTS_DIR; };
		70F00DC093798F301CA59B25 /* Pods-MVVM-Fishing.debug.xcconfig */ = {isa = PBXFileReference; includeInIndex = 1; lastKnownFileType = text.xcconfig; name = "Pods-MVVM-Fishing.debug.xcconfig"; path = "Pods/Target Support Files/Pods-MVVM-Fishing/Pods-MVVM-Fishing.debug.xcconfig"; sourceTree = "<group>"; };
		7C248AEAC0AC3761ED101B27 /* Pods-MVVM-Fishing.release.xcconfig */ = {isa = PBXFileReference; includeInIndex = 1; lastKnownFileType = text.xcconfig; name = "Pods-MVVM-Fishing.release.xcconfig"; path = "Pods/Target Support Files/Pods-MVVM-Fishing/Pods-MVVM-Fishing.release.xcconfig"; sourceTree = "<group>"; };
		9C08B491228D9A0700705207 /* StoreViewController + UI + Bindings.swift */ = {isa = PBXFileReference; lastKnownFileType = sourcecode.swift; path = "StoreViewController + UI + Bindings.swift"; sourceTree = "<group>"; };
		9C08B6DD22E747E500323D7F /* InventoryViewController + UI + Bindings.swift */ = {isa = PBXFileReference; lastKnownFileType = sourcecode.swift; path = "InventoryViewController + UI + Bindings.swift"; sourceTree = "<group>"; };
		9C0DD4E322F0587100D0F5BB /* PondMenuViewModelType.swift */ = {isa = PBXFileReference; lastKnownFileType = sourcecode.swift; path = PondMenuViewModelType.swift; sourceTree = "<group>"; };
		9C288B54230C5EE5001A067F /* PondMenuTableViewCellViewModelType.swift */ = {isa = PBXFileReference; fileEncoding = 4; lastKnownFileType = sourcecode.swift; path = PondMenuTableViewCellViewModelType.swift; sourceTree = "<group>"; };
		9C288B55230C5EE5001A067F /* PondMenuTableViewCell.swift */ = {isa = PBXFileReference; fileEncoding = 4; lastKnownFileType = sourcecode.swift; path = PondMenuTableViewCell.swift; sourceTree = "<group>"; };
		9C288B56230C5EE5001A067F /* PondMenuTableViewCellViewModel.swift */ = {isa = PBXFileReference; fileEncoding = 4; lastKnownFileType = sourcecode.swift; path = PondMenuTableViewCellViewModel.swift; sourceTree = "<group>"; };
		9C288B5B230C5F3A001A067F /* PondMenuViewController + UITableViewDelegate + UITableViewDataSource.swift */ = {isa = PBXFileReference; fileEncoding = 4; lastKnownFileType = sourcecode.swift; path = "PondMenuViewController + UITableViewDelegate + UITableViewDataSource.swift"; sourceTree = "<group>"; };
		9C288B5D230C790C001A067F /* RealmManager.swift */ = {isa = PBXFileReference; lastKnownFileType = sourcecode.swift; path = RealmManager.swift; sourceTree = "<group>"; };
		9C5195B7222507E30064E29E /* Fish.swift */ = {isa = PBXFileReference; lastKnownFileType = sourcecode.swift; path = Fish.swift; sourceTree = "<group>"; };
		9C5195BB222509E80064E29E /* Fishes.swift */ = {isa = PBXFileReference; lastKnownFileType = sourcecode.swift; path = Fishes.swift; sourceTree = "<group>"; };
		9C5195BD222510C70064E29E /* Breakable.swift */ = {isa = PBXFileReference; lastKnownFileType = sourcecode.swift; path = Breakable.swift; sourceTree = "<group>"; };
		9C5195BF22252CBC0064E29E /* Reel.swift */ = {isa = PBXFileReference; lastKnownFileType = sourcecode.swift; path = Reel.swift; sourceTree = "<group>"; };
		9C5195C122252E6A0064E29E /* Line.swift */ = {isa = PBXFileReference; lastKnownFileType = sourcecode.swift; path = Line.swift; sourceTree = "<group>"; };
		9C5195C322252F120064E29E /* Hookable.swift */ = {isa = PBXFileReference; lastKnownFileType = sourcecode.swift; path = Hookable.swift; sourceTree = "<group>"; };
		9C5195C5222531770064E29E /* Hook.swift */ = {isa = PBXFileReference; lastKnownFileType = sourcecode.swift; path = Hook.swift; sourceTree = "<group>"; };
		9C5195C8222542CC0064E29E /* ProfileStoryboard.storyboard */ = {isa = PBXFileReference; lastKnownFileType = file.storyboard; path = ProfileStoryboard.storyboard; sourceTree = "<group>"; };
		9C5195CA222543050064E29E /* ProfileViewController.swift */ = {isa = PBXFileReference; lastKnownFileType = sourcecode.swift; path = ProfileViewController.swift; sourceTree = "<group>"; };
		9C5195CC222543230064E29E /* ProfileViewModel.swift */ = {isa = PBXFileReference; lastKnownFileType = sourcecode.swift; path = ProfileViewModel.swift; sourceTree = "<group>"; };
		9C5195D222256E770064E29E /* StoreViewController.swift */ = {isa = PBXFileReference; lastKnownFileType = sourcecode.swift; path = StoreViewController.swift; sourceTree = "<group>"; };
		9C5195D422256E800064E29E /* StoreStoryboard.storyboard */ = {isa = PBXFileReference; lastKnownFileType = file.storyboard; path = StoreStoryboard.storyboard; sourceTree = "<group>"; };
		9C5195D622256E920064E29E /* StoreViewModel.swift */ = {isa = PBXFileReference; lastKnownFileType = sourcecode.swift; path = StoreViewModel.swift; sourceTree = "<group>"; };
		9C51B7DD22231B5700DBE37C /* Base.swift */ = {isa = PBXFileReference; lastKnownFileType = sourcecode.swift; path = Base.swift; sourceTree = "<group>"; };
		9C51B7E022231D3300DBE37C /* Location.swift */ = {isa = PBXFileReference; lastKnownFileType = sourcecode.swift; path = Location.swift; sourceTree = "<group>"; };
		9C51B7E32223260700DBE37C /* Bases.swift */ = {isa = PBXFileReference; lastKnownFileType = sourcecode.swift; path = Bases.swift; sourceTree = "<group>"; };
		9C526302222571CB00776746 /* TopView.swift */ = {isa = PBXFileReference; lastKnownFileType = sourcecode.swift; path = TopView.swift; sourceTree = "<group>"; };
		9C5383D92260B52B00BFE552 /* ProfileTableViewCell.swift */ = {isa = PBXFileReference; lastKnownFileType = sourcecode.swift; path = ProfileTableViewCell.swift; sourceTree = "<group>"; };
		9C5383DB2260B5C300BFE552 /* ProfileTableViewCellViewModel.swift */ = {isa = PBXFileReference; lastKnownFileType = sourcecode.swift; path = ProfileTableViewCellViewModel.swift; sourceTree = "<group>"; };
		9C5383DD2260B5E200BFE552 /* ProfileTableViewCellViewModelType.swift */ = {isa = PBXFileReference; lastKnownFileType = sourcecode.swift; path = ProfileTableViewCellViewModelType.swift; sourceTree = "<group>"; };
		9C5383DF2260C78500BFE552 /* ProfileViewController + UITableViewDelegate + UITableViewDataSource.swift */ = {isa = PBXFileReference; lastKnownFileType = sourcecode.swift; path = "ProfileViewController + UITableViewDelegate + UITableViewDataSource.swift"; sourceTree = "<group>"; };
		9C5383E12260C7AA00BFE552 /* ProfileViewControllerViewModelType.swift */ = {isa = PBXFileReference; lastKnownFileType = sourcecode.swift; path = ProfileViewControllerViewModelType.swift; sourceTree = "<group>"; };
		9C5383E42260FCFD00BFE552 /* FishMarketViewControllerViewModelType.swift */ = {isa = PBXFileReference; fileEncoding = 4; lastKnownFileType = sourcecode.swift; path = FishMarketViewControllerViewModelType.swift; sourceTree = "<group>"; };
		9C5383E52260FCFD00BFE552 /* FishMarketViewModel.swift */ = {isa = PBXFileReference; fileEncoding = 4; lastKnownFileType = sourcecode.swift; path = FishMarketViewModel.swift; sourceTree = "<group>"; };
		9C5383E72260FCFD00BFE552 /* FishMarketTableViewCellViewModelType.swift */ = {isa = PBXFileReference; fileEncoding = 4; lastKnownFileType = sourcecode.swift; path = FishMarketTableViewCellViewModelType.swift; sourceTree = "<group>"; };
		9C5383E82260FCFD00BFE552 /* FishMarketTableViewCellViewModel.swift */ = {isa = PBXFileReference; fileEncoding = 4; lastKnownFileType = sourcecode.swift; path = FishMarketTableViewCellViewModel.swift; sourceTree = "<group>"; };
		9C5383E92260FCFD00BFE552 /* FishMarketTableViewCell.swift */ = {isa = PBXFileReference; fileEncoding = 4; lastKnownFileType = sourcecode.swift; path = FishMarketTableViewCell.swift; sourceTree = "<group>"; };
		9C5383EA2260FCFD00BFE552 /* FishMarketViewController.swift */ = {isa = PBXFileReference; fileEncoding = 4; lastKnownFileType = sourcecode.swift; path = FishMarketViewController.swift; sourceTree = "<group>"; };
		9C5383EB2260FCFD00BFE552 /* FishMarketStoryboard.storyboard */ = {isa = PBXFileReference; fileEncoding = 4; lastKnownFileType = file.storyboard; path = FishMarketStoryboard.storyboard; sourceTree = "<group>"; };
		9C5383F32261016A00BFE552 /* FishMarketViewController + UITableViewDelegate + UITableViewDataSource.swift */ = {isa = PBXFileReference; fileEncoding = 4; lastKnownFileType = sourcecode.swift; path = "FishMarketViewController + UITableViewDelegate + UITableViewDataSource.swift"; sourceTree = "<group>"; };
		9C6BB3E3222E83F600A3AB57 /* BaitsData.swift */ = {isa = PBXFileReference; lastKnownFileType = sourcecode.swift; path = BaitsData.swift; sourceTree = "<group>"; };
		9C6D6DFC22FEFD9D00E5323C /* moscow_river_main.jpg */ = {isa = PBXFileReference; lastKnownFileType = image.jpeg; path = moscow_river_main.jpg; sourceTree = "<group>"; };
		9C6D6DFE22FEFD9D00E5323C /* platnik_main.jpg */ = {isa = PBXFileReference; lastKnownFileType = image.jpeg; path = platnik_main.jpg; sourceTree = "<group>"; };
		9C6D6E0022FEFD9D00E5323C /* country_main.jpg */ = {isa = PBXFileReference; lastKnownFileType = image.jpeg; path = country_main.jpg; sourceTree = "<group>"; };
		9C6D6E042300295C00E5323C /* MainViewController + UI + Bindings.swift */ = {isa = PBXFileReference; lastKnownFileType = sourcecode.swift; path = "MainViewController + UI + Bindings.swift"; sourceTree = "<group>"; };
		9C7534F4226606EA00BF25F1 /* SettingsViewControllerViewModelType.swift */ = {isa = PBXFileReference; fileEncoding = 4; lastKnownFileType = sourcecode.swift; path = SettingsViewControllerViewModelType.swift; sourceTree = "<group>"; };
		9C7534F5226606EA00BF25F1 /* SettingsViewModel.swift */ = {isa = PBXFileReference; fileEncoding = 4; lastKnownFileType = sourcecode.swift; path = SettingsViewModel.swift; sourceTree = "<group>"; };
		9C7534F7226606EA00BF25F1 /* SettingsTableViewCellViewModelType.swift */ = {isa = PBXFileReference; fileEncoding = 4; lastKnownFileType = sourcecode.swift; path = SettingsTableViewCellViewModelType.swift; sourceTree = "<group>"; };
		9C7534F8226606EA00BF25F1 /* SettingsTableViewCellViewModel.swift */ = {isa = PBXFileReference; fileEncoding = 4; lastKnownFileType = sourcecode.swift; path = SettingsTableViewCellViewModel.swift; sourceTree = "<group>"; };
		9C7534F9226606EA00BF25F1 /* SettingsTableViewCell.swift */ = {isa = PBXFileReference; fileEncoding = 4; lastKnownFileType = sourcecode.swift; path = SettingsTableViewCell.swift; sourceTree = "<group>"; };
		9C7534FA226606EA00BF25F1 /* SettingsViewController.swift */ = {isa = PBXFileReference; fileEncoding = 4; lastKnownFileType = sourcecode.swift; path = SettingsViewController.swift; sourceTree = "<group>"; };
		9C7534FB226606EA00BF25F1 /* SettingsViewController + UITableViewDelegate + UITableViewDataSource.swift */ = {isa = PBXFileReference; fileEncoding = 4; lastKnownFileType = sourcecode.swift; path = "SettingsViewController + UITableViewDelegate + UITableViewDataSource.swift"; sourceTree = "<group>"; };
		9C7534FC226606EA00BF25F1 /* SettingsVCStoryboard.storyboard */ = {isa = PBXFileReference; fileEncoding = 4; lastKnownFileType = file.storyboard; path = SettingsVCStoryboard.storyboard; sourceTree = "<group>"; };
		9C80B7492310618A009AEEE8 /* ob_main.jpg */ = {isa = PBXFileReference; lastKnownFileType = image.jpeg; path = ob_main.jpg; sourceTree = "<group>"; };
		9C80B74B23106EBF009AEEE8 /* ob_1.jpg */ = {isa = PBXFileReference; lastKnownFileType = image.jpeg; path = ob_1.jpg; sourceTree = "<group>"; };
		9C80B74C23106EBF009AEEE8 /* ob_2.jpg */ = {isa = PBXFileReference; lastKnownFileType = image.jpeg; path = ob_2.jpg; sourceTree = "<group>"; };
		9C80B74F23106EC8009AEEE8 /* platnik_2.jpg */ = {isa = PBXFileReference; lastKnownFileType = image.jpeg; path = platnik_2.jpg; sourceTree = "<group>"; };
		9C80B75123106ED2009AEEE8 /* moscow_river_1.jpg */ = {isa = PBXFileReference; lastKnownFileType = image.jpeg; path = moscow_river_1.jpg; sourceTree = "<group>"; };
		9C80B75223106ED2009AEEE8 /* moscow_river_2.jpg */ = {isa = PBXFileReference; lastKnownFileType = image.jpeg; path = moscow_river_2.jpg; sourceTree = "<group>"; };
		9C80B75523106EDC009AEEE8 /* country_1.jpg */ = {isa = PBXFileReference; lastKnownFileType = image.jpeg; path = country_1.jpg; sourceTree = "<group>"; };
		9C80B75623106EDC009AEEE8 /* country_2.jpg */ = {isa = PBXFileReference; lastKnownFileType = image.jpeg; path = country_2.jpg; sourceTree = "<group>"; };
		9C80B75923113359009AEEE8 /* LocationViewController + UI + Bindings.swift */ = {isa = PBXFileReference; lastKnownFileType = sourcecode.swift; path = "LocationViewController + UI + Bindings.swift"; sourceTree = "<group>"; };
		9C80B75B2311386E009AEEE8 /* TransparentTopView.swift */ = {isa = PBXFileReference; lastKnownFileType = sourcecode.swift; path = TransparentTopView.swift; sourceTree = "<group>"; };
		9C8B6595225E18B5000B6A5B /* DefaultsManager.swift */ = {isa = PBXFileReference; lastKnownFileType = sourcecode.swift; path = DefaultsManager.swift; sourceTree = "<group>"; };
		9CA1611D2262572300848A75 /* UserField.swift */ = {isa = PBXFileReference; lastKnownFileType = sourcecode.swift; path = UserField.swift; sourceTree = "<group>"; };
		9CA1611F226264C200848A75 /* Reflectable.swift */ = {isa = PBXFileReference; lastKnownFileType = sourcecode.swift; path = Reflectable.swift; sourceTree = "<group>"; };
		9CA4E31822FDAEFD001D30B0 /* ProfileViewController + UI + Bindings.swift */ = {isa = PBXFileReference; lastKnownFileType = sourcecode.swift; path = "ProfileViewController + UI + Bindings.swift"; sourceTree = "<group>"; };
		9CAD523522207E8200732584 /* MVVM-Fishing.app */ = {isa = PBXFileReference; explicitFileType = wrapper.application; includeInIndex = 0; path = "MVVM-Fishing.app"; sourceTree = BUILT_PRODUCTS_DIR; };
		9CAD523822207E8200732584 /* AppDelegate.swift */ = {isa = PBXFileReference; lastKnownFileType = sourcecode.swift; path = AppDelegate.swift; sourceTree = "<group>"; };
		9CAD523A22207E8200732584 /* MainViewController.swift */ = {isa = PBXFileReference; lastKnownFileType = sourcecode.swift; path = MainViewController.swift; sourceTree = "<group>"; };
		9CAD523D22207E8200732584 /* Base */ = {isa = PBXFileReference; lastKnownFileType = file.storyboard; name = Base; path = Base.lproj/Main.storyboard; sourceTree = "<group>"; };
		9CAD524222207E8600732584 /* Base */ = {isa = PBXFileReference; lastKnownFileType = file.storyboard; name = Base; path = Base.lproj/LaunchScreen.storyboard; sourceTree = "<group>"; };
		9CAD524422207E8600732584 /* Info.plist */ = {isa = PBXFileReference; lastKnownFileType = text.plist.xml; path = Info.plist; sourceTree = "<group>"; };
		9CB3F3262229655D00B1F625 /* ScrollBar.swift */ = {isa = PBXFileReference; lastKnownFileType = sourcecode.swift; path = ScrollBar.swift; sourceTree = "<group>"; };
		9CB3F3282229656F00B1F625 /* ScrollBarCell.swift */ = {isa = PBXFileReference; lastKnownFileType = sourcecode.swift; path = ScrollBarCell.swift; sourceTree = "<group>"; };
		9CB3F32A222A4B7700B1F625 /* ScrollBarDelegate.swift */ = {isa = PBXFileReference; lastKnownFileType = sourcecode.swift; path = ScrollBarDelegate.swift; sourceTree = "<group>"; };
		9CB3F32C222A5E2800B1F625 /* ScrollBarCellDelegate.swift */ = {isa = PBXFileReference; lastKnownFileType = sourcecode.swift; path = ScrollBarCellDelegate.swift; sourceTree = "<group>"; };
		9CB3F32E222BB03C00B1F625 /* InventoryTypes.swift */ = {isa = PBXFileReference; lastKnownFileType = sourcecode.swift; path = InventoryTypes.swift; sourceTree = "<group>"; };
		9CB3F330222C3D1D00B1F625 /* Assets.xcassets */ = {isa = PBXFileReference; lastKnownFileType = folder.assetcatalog; path = Assets.xcassets; sourceTree = "<group>"; };
		9CB3F332222C45B400B1F625 /* StoreViewController + UITableViewDelegate + UITableViewDataSource.swift */ = {isa = PBXFileReference; lastKnownFileType = sourcecode.swift; path = "StoreViewController + UITableViewDelegate + UITableViewDataSource.swift"; sourceTree = "<group>"; };
		9CB3F334222CDC5200B1F625 /* Bait.swift */ = {isa = PBXFileReference; lastKnownFileType = sourcecode.swift; path = Bait.swift; sourceTree = "<group>"; };
		9CB3F337222CDD8E00B1F625 /* ReelsData.swift */ = {isa = PBXFileReference; lastKnownFileType = sourcecode.swift; path = ReelsData.swift; sourceTree = "<group>"; };
		9CB3F339222CDEBE00B1F625 /* LinesData.swift */ = {isa = PBXFileReference; lastKnownFileType = sourcecode.swift; path = LinesData.swift; sourceTree = "<group>"; };
		9CB3F33B222CF0D300B1F625 /* HooksData.swift */ = {isa = PBXFileReference; lastKnownFileType = sourcecode.swift; path = HooksData.swift; sourceTree = "<group>"; };
		9CB3F33E222D07F800B1F625 /* StoreTableViewCell.swift */ = {isa = PBXFileReference; lastKnownFileType = sourcecode.swift; path = StoreTableViewCell.swift; sourceTree = "<group>"; };
		9CBAD1A1222D215E0059CF16 /* StoreTableViewCellViewModelType.swift */ = {isa = PBXFileReference; lastKnownFileType = sourcecode.swift; path = StoreTableViewCellViewModelType.swift; sourceTree = "<group>"; };
		9CBAD1A3222D68300059CF16 /* StoreTableViewCellViewModel.swift */ = {isa = PBXFileReference; lastKnownFileType = sourcecode.swift; path = StoreTableViewCellViewModel.swift; sourceTree = "<group>"; };
		9CBAD1A5222D82630059CF16 /* StoreViewModelType.swift */ = {isa = PBXFileReference; lastKnownFileType = sourcecode.swift; path = StoreViewModelType.swift; sourceTree = "<group>"; };
		9CBB225422EF66E400E18698 /* PondsViewModelType.swift */ = {isa = PBXFileReference; fileEncoding = 4; lastKnownFileType = sourcecode.swift; path = PondsViewModelType.swift; sourceTree = "<group>"; };
		9CBB225522EF66E400E18698 /* PondsViewModel.swift */ = {isa = PBXFileReference; fileEncoding = 4; lastKnownFileType = sourcecode.swift; path = PondsViewModel.swift; sourceTree = "<group>"; };
		9CBB225722EF66E400E18698 /* PondsCollectionViewCellViewModelType.swift */ = {isa = PBXFileReference; fileEncoding = 4; lastKnownFileType = sourcecode.swift; path = PondsCollectionViewCellViewModelType.swift; sourceTree = "<group>"; };
		9CBB225822EF66E400E18698 /* PondsCollectionViewCellViewModel.swift */ = {isa = PBXFileReference; fileEncoding = 4; lastKnownFileType = sourcecode.swift; path = PondsCollectionViewCellViewModel.swift; sourceTree = "<group>"; };
		9CBB225922EF66E400E18698 /* PondsCollectionViewCell.swift */ = {isa = PBXFileReference; fileEncoding = 4; lastKnownFileType = sourcecode.swift; path = PondsCollectionViewCell.swift; sourceTree = "<group>"; };
		9CBB225A22EF66E400E18698 /* PondsViewController.swift */ = {isa = PBXFileReference; fileEncoding = 4; lastKnownFileType = sourcecode.swift; path = PondsViewController.swift; sourceTree = "<group>"; };
		9CBB225B22EF66E400E18698 /* PondsViewController + UICollectionViewDelegate + UICollectionViewDataSource.swift */ = {isa = PBXFileReference; fileEncoding = 4; lastKnownFileType = sourcecode.swift; path = "PondsViewController + UICollectionViewDelegate + UICollectionViewDataSource.swift"; sourceTree = "<group>"; };
		9CBB225C22EF66E400E18698 /* PondsStoryboard.storyboard */ = {isa = PBXFileReference; fileEncoding = 4; lastKnownFileType = file.storyboard; path = PondsStoryboard.storyboard; sourceTree = "<group>"; };
		9CCD3D1722211477008747FA /* InventoryViewController.swift */ = {isa = PBXFileReference; lastKnownFileType = sourcecode.swift; path = InventoryViewController.swift; sourceTree = "<group>"; };
		9CCD3D19222114A1008747FA /* InventoryStoryboard.storyboard */ = {isa = PBXFileReference; lastKnownFileType = file.storyboard; path = InventoryStoryboard.storyboard; sourceTree = "<group>"; };
		9CCD3D1B222119BF008747FA /* MainViewModel.swift */ = {isa = PBXFileReference; lastKnownFileType = sourcecode.swift; path = MainViewModel.swift; sourceTree = "<group>"; };
		9CCD3D1E22211CBE008747FA /* PondMenuViewModel.swift */ = {isa = PBXFileReference; lastKnownFileType = sourcecode.swift; path = PondMenuViewModel.swift; sourceTree = "<group>"; };
		9CCD3D2022211CD9008747FA /* InventoryViewModel.swift */ = {isa = PBXFileReference; lastKnownFileType = sourcecode.swift; path = InventoryViewModel.swift; sourceTree = "<group>"; };
		9CCD3D2222211D13008747FA /* PondMenuStoryboard.storyboard */ = {isa = PBXFileReference; lastKnownFileType = file.storyboard; path = PondMenuStoryboard.storyboard; sourceTree = "<group>"; };
		9CCD3D2422211D3B008747FA /* PondMenuViewController.swift */ = {isa = PBXFileReference; lastKnownFileType = sourcecode.swift; path = PondMenuViewController.swift; sourceTree = "<group>"; };
		9CD7071322F9EE45001F30A7 /* AppearanceManager.swift */ = {isa = PBXFileReference; lastKnownFileType = sourcecode.swift; path = AppearanceManager.swift; sourceTree = "<group>"; };
		9CD7071522F9EFB1001F30A7 /* AppearanceProtocol.swift */ = {isa = PBXFileReference; lastKnownFileType = sourcecode.swift; path = AppearanceProtocol.swift; sourceTree = "<group>"; };
		9CDAE52C225E04DF0038B6FB /* Tackle.swift */ = {isa = PBXFileReference; lastKnownFileType = sourcecode.swift; path = Tackle.swift; sourceTree = "<group>"; };
		9CDD166222F230780027C3AF /* PondsViewController + UI + Bindings.swift */ = {isa = PBXFileReference; lastKnownFileType = sourcecode.swift; path = "PondsViewController + UI + Bindings.swift"; sourceTree = "<group>"; };
		9CDD166422F233B60027C3AF /* moneyFormatted.swift */ = {isa = PBXFileReference; lastKnownFileType = sourcecode.swift; path = moneyFormatted.swift; sourceTree = "<group>"; };
		9CE00A242221310100B7F220 /* Rod.swift */ = {isa = PBXFileReference; lastKnownFileType = sourcecode.swift; path = Rod.swift; sourceTree = "<group>"; };
		9CE00A262221325600B7F220 /* User.swift */ = {isa = PBXFileReference; lastKnownFileType = sourcecode.swift; path = User.swift; sourceTree = "<group>"; };
		9CE00A29222136A300B7F220 /* FishInPond.swift */ = {isa = PBXFileReference; lastKnownFileType = sourcecode.swift; path = FishInPond.swift; sourceTree = "<group>"; };
		9CE00A2B222142EB00B7F220 /* ItemType.swift */ = {isa = PBXFileReference; lastKnownFileType = sourcecode.swift; path = ItemType.swift; sourceTree = "<group>"; };
		9CE00A2F2222E59800B7F220 /* Rods.swift */ = {isa = PBXFileReference; lastKnownFileType = sourcecode.swift; path = Rods.swift; sourceTree = "<group>"; };
		9CE00A332222F31C00B7F220 /* RodsData.swift */ = {isa = PBXFileReference; lastKnownFileType = sourcecode.swift; path = RodsData.swift; sourceTree = "<group>"; };
		9CE292772223A13500FECF2B /* BasesData.swift */ = {isa = PBXFileReference; lastKnownFileType = sourcecode.swift; path = BasesData.swift; sourceTree = "<group>"; };
		9CE2927B2223D1B700FECF2B /* LocationsData.swift */ = {isa = PBXFileReference; lastKnownFileType = sourcecode.swift; path = LocationsData.swift; sourceTree = "<group>"; };
		9CE2927D2223D52300FECF2B /* DepthMap.swift */ = {isa = PBXFileReference; lastKnownFileType = sourcecode.swift; path = DepthMap.swift; sourceTree = "<group>"; };
		9CE2927F2223D55900FECF2B /* FishPopulation.swift */ = {isa = PBXFileReference; lastKnownFileType = sourcecode.swift; path = FishPopulation.swift; sourceTree = "<group>"; };
		9CE292812223D5F700FECF2B /* Locations.swift */ = {isa = PBXFileReference; lastKnownFileType = sourcecode.swift; path = Locations.swift; sourceTree = "<group>"; };
		9CE292832223DF4200FECF2B /* Record.swift */ = {isa = PBXFileReference; lastKnownFileType = sourcecode.swift; path = Record.swift; sourceTree = "<group>"; };
		9CEDA7F5225F972F004799A2 /* StaticStrings.swift */ = {isa = PBXFileReference; lastKnownFileType = sourcecode.swift; path = StaticStrings.swift; sourceTree = "<group>"; };
		9CEDA7F7225F9E28004799A2 /* Palette.swift */ = {isa = PBXFileReference; lastKnownFileType = sourcecode.swift; path = Palette.swift; sourceTree = "<group>"; };
		9CFAB41E230A88BB00D3EF70 /* travel.json */ = {isa = PBXFileReference; fileEncoding = 4; lastKnownFileType = text.json; path = travel.json; sourceTree = "<group>"; };
		9CFAB425230AFAC500D3EF70 /* LocationViewModelType.swift */ = {isa = PBXFileReference; fileEncoding = 4; lastKnownFileType = sourcecode.swift; path = LocationViewModelType.swift; sourceTree = "<group>"; };
		9CFAB426230AFAC500D3EF70 /* LocationViewModel.swift */ = {isa = PBXFileReference; fileEncoding = 4; lastKnownFileType = sourcecode.swift; path = LocationViewModel.swift; sourceTree = "<group>"; };
		9CFAB427230AFAC500D3EF70 /* LocationViewController.swift */ = {isa = PBXFileReference; fileEncoding = 4; lastKnownFileType = sourcecode.swift; path = LocationViewController.swift; sourceTree = "<group>"; };
		9CFAB428230AFAC500D3EF70 /* LocationStoryboard.storyboard */ = {isa = PBXFileReference; fileEncoding = 4; lastKnownFileType = file.storyboard; path = LocationStoryboard.storyboard; sourceTree = "<group>"; };
		9CFAB42D230AFD7600D3EF70 /* platnik_1.jpg */ = {isa = PBXFileReference; lastKnownFileType = image.jpeg; path = platnik_1.jpg; sourceTree = "<group>"; };
		9CFAB42F230B399100D3EF70 /* DepthMapGenerator.swift */ = {isa = PBXFileReference; lastKnownFileType = sourcecode.swift; path = DepthMapGenerator.swift; sourceTree = "<group>"; };
		9CFAB431230BBC9800D3EF70 /* PondMenuViewController + UI + Bindings.swift */ = {isa = PBXFileReference; lastKnownFileType = sourcecode.swift; path = "PondMenuViewController + UI + Bindings.swift"; sourceTree = "<group>"; };
		9CFF8B2B22886A6E0076F269 /* Array+Extensions.swift */ = {isa = PBXFileReference; fileEncoding = 4; lastKnownFileType = sourcecode.swift; path = "Array+Extensions.swift"; sourceTree = "<group>"; };
		9CFF8B2C22886A6E0076F269 /* UISegmentedControl+Extensions.swift */ = {isa = PBXFileReference; fileEncoding = 4; lastKnownFileType = sourcecode.swift; path = "UISegmentedControl+Extensions.swift"; sourceTree = "<group>"; };
		9CFF8B2E22886A6E0076F269 /* UIViewController+Extensions.swift */ = {isa = PBXFileReference; fileEncoding = 4; lastKnownFileType = sourcecode.swift; path = "UIViewController+Extensions.swift"; sourceTree = "<group>"; };
		9CFF8B3022886A6E0076F269 /* Date+Extension.swift */ = {isa = PBXFileReference; fileEncoding = 4; lastKnownFileType = sourcecode.swift; path = "Date+Extension.swift"; sourceTree = "<group>"; };
		9CFF8B3222886A6E0076F269 /* UITextView+Extensions.swift */ = {isa = PBXFileReference; fileEncoding = 4; lastKnownFileType = sourcecode.swift; path = "UITextView+Extensions.swift"; sourceTree = "<group>"; };
		9CFF8B3322886A6E0076F269 /* UIColor+Extensions.swift */ = {isa = PBXFileReference; fileEncoding = 4; lastKnownFileType = sourcecode.swift; path = "UIColor+Extensions.swift"; sourceTree = "<group>"; };
		9CFF8B3422886A6E0076F269 /* UIImage+Extensions.swift */ = {isa = PBXFileReference; fileEncoding = 4; lastKnownFileType = sourcecode.swift; path = "UIImage+Extensions.swift"; sourceTree = "<group>"; };
		9CFF8B3522886A6E0076F269 /* UISearchBar+Extensions.swift */ = {isa = PBXFileReference; fileEncoding = 4; lastKnownFileType = sourcecode.swift; path = "UISearchBar+Extensions.swift"; sourceTree = "<group>"; };
		9CFF8B3622886A6E0076F269 /* UIApplication+Extensions.swift */ = {isa = PBXFileReference; fileEncoding = 4; lastKnownFileType = sourcecode.swift; path = "UIApplication+Extensions.swift"; sourceTree = "<group>"; };
		9CFF8B3722886A6E0076F269 /* UIAlertController+Extensions.swift */ = {isa = PBXFileReference; fileEncoding = 4; lastKnownFileType = sourcecode.swift; path = "UIAlertController+Extensions.swift"; sourceTree = "<group>"; };
		9CFF8B3822886A6E0076F269 /* Optional+Extensions.swift */ = {isa = PBXFileReference; fileEncoding = 4; lastKnownFileType = sourcecode.swift; path = "Optional+Extensions.swift"; sourceTree = "<group>"; };
		9CFF8B3922886A6E0076F269 /* Common+Extensions.swift */ = {isa = PBXFileReference; fileEncoding = 4; lastKnownFileType = sourcecode.swift; path = "Common+Extensions.swift"; sourceTree = "<group>"; };
		9CFF8B3A22886A6E0076F269 /* Locale+Extensions.swift */ = {isa = PBXFileReference; fileEncoding = 4; lastKnownFileType = sourcecode.swift; path = "Locale+Extensions.swift"; sourceTree = "<group>"; };
		9CFF8B3B22886A6E0076F269 /* UITextField+Extensions.swift */ = {isa = PBXFileReference; fileEncoding = 4; lastKnownFileType = sourcecode.swift; path = "UITextField+Extensions.swift"; sourceTree = "<group>"; };
		9CFF8B3E22886A6E0076F269 /* AttributedTextBlock.swift */ = {isa = PBXFileReference; fileEncoding = 4; lastKnownFileType = sourcecode.swift; path = AttributedTextBlock.swift; sourceTree = "<group>"; };
		9CFF8B5C22886A6E0076F269 /* PickerViewViewController.swift */ = {isa = PBXFileReference; fileEncoding = 4; lastKnownFileType = sourcecode.swift; path = PickerViewViewController.swift; sourceTree = "<group>"; };
		9CFF8B7622886A6E0076F269 /* SegmentedControl.swift */ = {isa = PBXFileReference; fileEncoding = 4; lastKnownFileType = sourcecode.swift; path = SegmentedControl.swift; sourceTree = "<group>"; };
		9CFF8B7722886A6E0076F269 /* GradientSlider.swift */ = {isa = PBXFileReference; fileEncoding = 4; lastKnownFileType = sourcecode.swift; path = GradientSlider.swift; sourceTree = "<group>"; };
		9CFF8B7922886A6E0076F269 /* Button.swift */ = {isa = PBXFileReference; fileEncoding = 4; lastKnownFileType = sourcecode.swift; path = Button.swift; sourceTree = "<group>"; };
		9CFF8BAF22887DB50076F269 /* InventoryViewController + UITableViewDelegate + UITableViewDataSource.swift */ = {isa = PBXFileReference; lastKnownFileType = sourcecode.swift; path = "InventoryViewController + UITableViewDelegate + UITableViewDataSource.swift"; sourceTree = "<group>"; };
		9CFF8BB22288811A0076F269 /* InventoryTableViewCell.swift */ = {isa = PBXFileReference; lastKnownFileType = sourcecode.swift; path = InventoryTableViewCell.swift; sourceTree = "<group>"; };
		9CFF8BB4228941C60076F269 /* InventoryTableViewCellViewModelType.swift */ = {isa = PBXFileReference; lastKnownFileType = sourcecode.swift; path = InventoryTableViewCellViewModelType.swift; sourceTree = "<group>"; };
		9CFF8BB6228941DC0076F269 /* InventoryTableViewCellViewModel.swift */ = {isa = PBXFileReference; lastKnownFileType = sourcecode.swift; path = InventoryTableViewCellViewModel.swift; sourceTree = "<group>"; };
		9CFF8BBB22897BFF0076F269 /* ItemTypeFormatted.swift */ = {isa = PBXFileReference; lastKnownFileType = sourcecode.swift; path = ItemTypeFormatted.swift; sourceTree = "<group>"; };
		9CFF8BBD228A91B10076F269 /* InventoryViewModelType.swift */ = {isa = PBXFileReference; lastKnownFileType = sourcecode.swift; path = InventoryViewModelType.swift; sourceTree = "<group>"; };
		9CFF8BBF228B2CD80076F269 /* MainPrimaryKeys.swift */ = {isa = PBXFileReference; lastKnownFileType = sourcecode.swift; path = MainPrimaryKeys.swift; sourceTree = "<group>"; };
		9CFF8BC1228BDBB40076F269 /* FatalErrorMessages.swift */ = {isa = PBXFileReference; lastKnownFileType = sourcecode.swift; path = FatalErrorMessages.swift; sourceTree = "<group>"; };
/* End PBXFileReference section */

/* Begin PBXFrameworksBuildPhase section */
		9CAD523222207E8200732584 /* Frameworks */ = {
			isa = PBXFrameworksBuildPhase;
			buildActionMask = 2147483647;
			files = (
				32DAFA0D3C475FF99B812DA7 /* Pods_MVVM_Fishing.framework in Frameworks */,
			);
			runOnlyForDeploymentPostprocessing = 0;
		};
/* End PBXFrameworksBuildPhase section */

/* Begin PBXGroup section */
		9C0931342300AD71006F3B98 /* Animations */ = {
			isa = PBXGroup;
			children = (
				9CFAB41E230A88BB00D3EF70 /* travel.json */,
			);
			path = Animations;
			sourceTree = "<group>";
		};
		9C288B53230C5EE5001A067F /* PondMenuCell */ = {
			isa = PBXGroup;
			children = (
				9C288B54230C5EE5001A067F /* PondMenuTableViewCellViewModelType.swift */,
				9C288B55230C5EE5001A067F /* PondMenuTableViewCell.swift */,
				9C288B56230C5EE5001A067F /* PondMenuTableViewCellViewModel.swift */,
			);
			path = PondMenuCell;
			sourceTree = "<group>";
		};
		9C5195B5222504450064E29E /* Inventory */ = {
			isa = PBXGroup;
			children = (
				9CE00A242221310100B7F220 /* Rod.swift */,
				9C5195BF22252CBC0064E29E /* Reel.swift */,
				9C5195C122252E6A0064E29E /* Line.swift */,
				9C5195C5222531770064E29E /* Hook.swift */,
				9CB3F334222CDC5200B1F625 /* Bait.swift */,
			);
			path = Inventory;
			sourceTree = "<group>";
		};
		9C5195B6222504580064E29E /* Inventory */ = {
			isa = PBXGroup;
			children = (
				9CE00A2F2222E59800B7F220 /* Rods.swift */,
			);
			path = Inventory;
			sourceTree = "<group>";
		};
		9C5195C72225428A0064E29E /* ProfileVC */ = {
			isa = PBXGroup;
			children = (
				9C5383D82260B4F600BFE552 /* ProfileCell */,
				9C5195C8222542CC0064E29E /* ProfileStoryboard.storyboard */,
				9C5195CA222543050064E29E /* ProfileViewController.swift */,
				9C5195CC222543230064E29E /* ProfileViewModel.swift */,
				9C5383E12260C7AA00BFE552 /* ProfileViewControllerViewModelType.swift */,
				9C5383DF2260C78500BFE552 /* ProfileViewController + UITableViewDelegate + UITableViewDataSource.swift */,
				9CA4E31822FDAEFD001D30B0 /* ProfileViewController + UI + Bindings.swift */,
			);
			path = ProfileVC;
			sourceTree = "<group>";
		};
		9C5195CE22254ADB0064E29E /* CustomViews */ = {
			isa = PBXGroup;
			children = (
				9CFF8B2922886A6E0076F269 /* Pickers */,
				9CB3F3252229654400B1F625 /* ScrollBar */,
				9CB3F3242229653000B1F625 /* TopView */,
			);
			path = CustomViews;
			sourceTree = "<group>";
		};
		9C5195D122256E550064E29E /* StoreVC */ = {
			isa = PBXGroup;
			children = (
				9CB3F33D222D07D100B1F625 /* StoreCell */,
				9C5195D222256E770064E29E /* StoreViewController.swift */,
				9C5195D422256E800064E29E /* StoreStoryboard.storyboard */,
				9C5195D622256E920064E29E /* StoreViewModel.swift */,
				9CBAD1A5222D82630059CF16 /* StoreViewModelType.swift */,
				9CB3F332222C45B400B1F625 /* StoreViewController + UITableViewDelegate + UITableViewDataSource.swift */,
				9C08B491228D9A0700705207 /* StoreViewController + UI + Bindings.swift */,
			);
			path = StoreVC;
			sourceTree = "<group>";
		};
		9C51B7E22223208500DBE37C /* Protocols */ = {
			isa = PBXGroup;
			children = (
				9CE00A2B222142EB00B7F220 /* ItemType.swift */,
				9C5195BD222510C70064E29E /* Breakable.swift */,
				9C5195C322252F120064E29E /* Hookable.swift */,
				9CA1611F226264C200848A75 /* Reflectable.swift */,
				9CD7071522F9EFB1001F30A7 /* AppearanceProtocol.swift */,
			);
			path = Protocols;
			sourceTree = "<group>";
		};
		9C5383D82260B4F600BFE552 /* ProfileCell */ = {
			isa = PBXGroup;
			children = (
				9C5383D92260B52B00BFE552 /* ProfileTableViewCell.swift */,
				9C5383DB2260B5C300BFE552 /* ProfileTableViewCellViewModel.swift */,
				9C5383DD2260B5E200BFE552 /* ProfileTableViewCellViewModelType.swift */,
			);
			path = ProfileCell;
			sourceTree = "<group>";
		};
		9C5383E32260FCFD00BFE552 /* FishMarketVC */ = {
			isa = PBXGroup;
			children = (
				9C5383E62260FCFD00BFE552 /* FishMarketCell */,
				9C5383EB2260FCFD00BFE552 /* FishMarketStoryboard.storyboard */,
				9C5383EA2260FCFD00BFE552 /* FishMarketViewController.swift */,
				9C5383F32261016A00BFE552 /* FishMarketViewController + UITableViewDelegate + UITableViewDataSource.swift */,
				9C5383E52260FCFD00BFE552 /* FishMarketViewModel.swift */,
				9C5383E42260FCFD00BFE552 /* FishMarketViewControllerViewModelType.swift */,
			);
			path = FishMarketVC;
			sourceTree = "<group>";
		};
		9C5383E62260FCFD00BFE552 /* FishMarketCell */ = {
			isa = PBXGroup;
			children = (
				9C5383E92260FCFD00BFE552 /* FishMarketTableViewCell.swift */,
				9C5383E82260FCFD00BFE552 /* FishMarketTableViewCellViewModel.swift */,
				9C5383E72260FCFD00BFE552 /* FishMarketTableViewCellViewModelType.swift */,
			);
			path = FishMarketCell;
			sourceTree = "<group>";
		};
		9C69916222212DA200B5821B /* Data */ = {
			isa = PBXGroup;
			children = (
				9CB3F336222CDD6B00B1F625 /* InventoryData */,
				9CE292772223A13500FECF2B /* BasesData.swift */,
				9CE2927B2223D1B700FECF2B /* LocationsData.swift */,
			);
			name = Data;
			path = Models/Data;
			sourceTree = "<group>";
		};
		9C6D6DF922FEFD9D00E5323C /* MVVM_Fishing_Images */ = {
			isa = PBXGroup;
			children = (
				9C6D6DFA22FEFD9D00E5323C /* Ponds */,
			);
			path = MVVM_Fishing_Images;
			sourceTree = "<group>";
		};
		9C6D6DFA22FEFD9D00E5323C /* Ponds */ = {
			isa = PBXGroup;
			children = (
				9C6D6DFF22FEFD9D00E5323C /* Country */,
				9C6D6DFB22FEFD9D00E5323C /* Moscow River */,
				9C80B74723105E47009AEEE8 /* Ob */,
				9C6D6DFD22FEFD9D00E5323C /* Platnik */,
			);
			path = Ponds;
			sourceTree = "<group>";
		};
		9C6D6DFB22FEFD9D00E5323C /* Moscow River */ = {
			isa = PBXGroup;
			children = (
				9CFAB420230AAAF700D3EF70 /* Locations */,
				9C6D6DFC22FEFD9D00E5323C /* moscow_river_main.jpg */,
			);
			path = "Moscow River";
			sourceTree = "<group>";
		};
		9C6D6DFD22FEFD9D00E5323C /* Platnik */ = {
			isa = PBXGroup;
			children = (
				9CFAB421230AAB1800D3EF70 /* Locations */,
				9C6D6DFE22FEFD9D00E5323C /* platnik_main.jpg */,
			);
			path = Platnik;
			sourceTree = "<group>";
		};
		9C6D6DFF22FEFD9D00E5323C /* Country */ = {
			isa = PBXGroup;
			children = (
				9CFAB422230AAB2600D3EF70 /* Locations */,
				9C6D6E0022FEFD9D00E5323C /* country_main.jpg */,
			);
			path = Country;
			sourceTree = "<group>";
		};
		9C7534F3226606EA00BF25F1 /* SettingsVC */ = {
			isa = PBXGroup;
			children = (
				9C7534F6226606EA00BF25F1 /* SettingsCell */,
				9C7534FC226606EA00BF25F1 /* SettingsVCStoryboard.storyboard */,
				9C7534F4226606EA00BF25F1 /* SettingsViewControllerViewModelType.swift */,
				9C7534F5226606EA00BF25F1 /* SettingsViewModel.swift */,
				9C7534FA226606EA00BF25F1 /* SettingsViewController.swift */,
				9C7534FB226606EA00BF25F1 /* SettingsViewController + UITableViewDelegate + UITableViewDataSource.swift */,
			);
			path = SettingsVC;
			sourceTree = "<group>";
		};
		9C7534F6226606EA00BF25F1 /* SettingsCell */ = {
			isa = PBXGroup;
			children = (
				9C7534F7226606EA00BF25F1 /* SettingsTableViewCellViewModelType.swift */,
				9C7534F8226606EA00BF25F1 /* SettingsTableViewCellViewModel.swift */,
				9C7534F9226606EA00BF25F1 /* SettingsTableViewCell.swift */,
			);
			path = SettingsCell;
			sourceTree = "<group>";
		};
		9C80B74723105E47009AEEE8 /* Ob */ = {
			isa = PBXGroup;
			children = (
				9C80B7492310618A009AEEE8 /* ob_main.jpg */,
				9C80B74823105E67009AEEE8 /* Locations */,
			);
			path = Ob;
			sourceTree = "<group>";
		};
		9C80B74823105E67009AEEE8 /* Locations */ = {
			isa = PBXGroup;
			children = (
				9C80B74B23106EBF009AEEE8 /* ob_1.jpg */,
				9C80B74C23106EBF009AEEE8 /* ob_2.jpg */,
			);
			path = Locations;
			sourceTree = "<group>";
		};
		9CAD522C22207E8200732584 = {
			isa = PBXGroup;
			children = (
				9CAD523722207E8200732584 /* MVVM-Fishing */,
				9CAD523622207E8200732584 /* Products */,
				C38EE56E8A7C4E5F419F5FE4 /* Pods */,
				CE0007BB246153D708A4BF1D /* Frameworks */,
			);
			sourceTree = "<group>";
		};
		9CAD523622207E8200732584 /* Products */ = {
			isa = PBXGroup;
			children = (
				9CAD523522207E8200732584 /* MVVM-Fishing.app */,
			);
			name = Products;
			sourceTree = "<group>";
		};
		9CAD523722207E8200732584 /* MVVM-Fishing */ = {
			isa = PBXGroup;
			children = (
				9CAD523822207E8200732584 /* AppDelegate.swift */,
				9C5383E32260FCFD00BFE552 /* FishMarketVC */,
				9C7534F3226606EA00BF25F1 /* SettingsVC */,
				9CDAE52E225E18630038B6FB /* Managers */,
				9CCD3D1622211445008747FA /* InventoryVC */,
				9CFAB424230AFAC500D3EF70 /* LocationVC */,
				9CCD3D14222113F2008747FA /* MainVC */,
				9CCD3D1D22211A73008747FA /* PondMenuVC */,
				9CBB225322EF66E400E18698 /* PondsVC */,
				9C5195C72225428A0064E29E /* ProfileVC */,
				9C5195D122256E550064E29E /* StoreVC */,
				9CCD3D152221142B008747FA /* Models */,
				9C69916222212DA200B5821B /* Data */,
				9C5195CE22254ADB0064E29E /* CustomViews */,
				9CFF8BBA22897B480076F269 /* Extensions */,
				9C6D6DF922FEFD9D00E5323C /* MVVM_Fishing_Images */,
				9C0931342300AD71006F3B98 /* Animations */,
				9CB3F330222C3D1D00B1F625 /* Assets.xcassets */,
				9CAD524122207E8600732584 /* LaunchScreen.storyboard */,
				9CAD524422207E8600732584 /* Info.plist */,
			);
			path = "MVVM-Fishing";
			sourceTree = "<group>";
		};
		9CB3F3242229653000B1F625 /* TopView */ = {
			isa = PBXGroup;
			children = (
				9C526302222571CB00776746 /* TopView.swift */,
				9C80B75B2311386E009AEEE8 /* TransparentTopView.swift */,
			);
			path = TopView;
			sourceTree = "<group>";
		};
		9CB3F3252229654400B1F625 /* ScrollBar */ = {
			isa = PBXGroup;
			children = (
				9CB3F3262229655D00B1F625 /* ScrollBar.swift */,
				9CB3F3282229656F00B1F625 /* ScrollBarCell.swift */,
				9CB3F32A222A4B7700B1F625 /* ScrollBarDelegate.swift */,
				9CB3F32C222A5E2800B1F625 /* ScrollBarCellDelegate.swift */,
			);
			path = ScrollBar;
			sourceTree = "<group>";
		};
		9CB3F336222CDD6B00B1F625 /* InventoryData */ = {
			isa = PBXGroup;
			children = (
				9CB3F32E222BB03C00B1F625 /* InventoryTypes.swift */,
				9CE00A332222F31C00B7F220 /* RodsData.swift */,
				9CB3F337222CDD8E00B1F625 /* ReelsData.swift */,
				9CB3F339222CDEBE00B1F625 /* LinesData.swift */,
				9CB3F33B222CF0D300B1F625 /* HooksData.swift */,
				9C6BB3E3222E83F600A3AB57 /* BaitsData.swift */,
			);
			path = InventoryData;
			sourceTree = "<group>";
		};
		9CB3F33D222D07D100B1F625 /* StoreCell */ = {
			isa = PBXGroup;
			children = (
				9CB3F33E222D07F800B1F625 /* StoreTableViewCell.swift */,
				9CBAD1A3222D68300059CF16 /* StoreTableViewCellViewModel.swift */,
				9CBAD1A1222D215E0059CF16 /* StoreTableViewCellViewModelType.swift */,
			);
			path = StoreCell;
			sourceTree = "<group>";
		};
		9CBB225322EF66E400E18698 /* PondsVC */ = {
			isa = PBXGroup;
			children = (
				9CBB225622EF66E400E18698 /* PondsCell */,
				9CBB225422EF66E400E18698 /* PondsViewModelType.swift */,
				9CBB225522EF66E400E18698 /* PondsViewModel.swift */,
				9CBB225A22EF66E400E18698 /* PondsViewController.swift */,
				9CDD166222F230780027C3AF /* PondsViewController + UI + Bindings.swift */,
				9CBB225B22EF66E400E18698 /* PondsViewController + UICollectionViewDelegate + UICollectionViewDataSource.swift */,
				9CBB225C22EF66E400E18698 /* PondsStoryboard.storyboard */,
			);
			path = PondsVC;
			sourceTree = "<group>";
		};
		9CBB225622EF66E400E18698 /* PondsCell */ = {
			isa = PBXGroup;
			children = (
				9CBB225722EF66E400E18698 /* PondsCollectionViewCellViewModelType.swift */,
				9CBB225822EF66E400E18698 /* PondsCollectionViewCellViewModel.swift */,
				9CBB225922EF66E400E18698 /* PondsCollectionViewCell.swift */,
			);
			path = PondsCell;
			sourceTree = "<group>";
		};
		9CCD3D14222113F2008747FA /* MainVC */ = {
			isa = PBXGroup;
			children = (
				9CAD523C22207E8200732584 /* Main.storyboard */,
				9CAD523A22207E8200732584 /* MainViewController.swift */,
				9CCD3D1B222119BF008747FA /* MainViewModel.swift */,
				9C6D6E042300295C00E5323C /* MainViewController + UI + Bindings.swift */,
			);
			path = MainVC;
			sourceTree = "<group>";
		};
		9CCD3D152221142B008747FA /* Models */ = {
			isa = PBXGroup;
			children = (
				9C51B7E22223208500DBE37C /* Protocols */,
				9CE00A2E2222E56A00B7F220 /* Structs and Classes */,
				9CE00A282221349600B7F220 /* RealmClasses */,
				9CE00A2D2222E54600B7F220 /* Strings */,
			);
			path = Models;
			sourceTree = "<group>";
		};
		9CCD3D1622211445008747FA /* InventoryVC */ = {
			isa = PBXGroup;
			children = (
				9CFF8BB1228881030076F269 /* InventoryCell */,
				9CCD3D1722211477008747FA /* InventoryViewController.swift */,
				9CCD3D19222114A1008747FA /* InventoryStoryboard.storyboard */,
				9CCD3D2022211CD9008747FA /* InventoryViewModel.swift */,
				9CFF8BAF22887DB50076F269 /* InventoryViewController + UITableViewDelegate + UITableViewDataSource.swift */,
				9CFF8BBD228A91B10076F269 /* InventoryViewModelType.swift */,
				9C08B6DD22E747E500323D7F /* InventoryViewController + UI + Bindings.swift */,
			);
			path = InventoryVC;
			sourceTree = "<group>";
		};
		9CCD3D1D22211A73008747FA /* PondMenuVC */ = {
			isa = PBXGroup;
			children = (
				9C288B53230C5EE5001A067F /* PondMenuCell */,
				9CCD3D2222211D13008747FA /* PondMenuStoryboard.storyboard */,
				9CCD3D1E22211CBE008747FA /* PondMenuViewModel.swift */,
				9CCD3D2422211D3B008747FA /* PondMenuViewController.swift */,
				9C0DD4E322F0587100D0F5BB /* PondMenuViewModelType.swift */,
				9CFAB431230BBC9800D3EF70 /* PondMenuViewController + UI + Bindings.swift */,
				9C288B5B230C5F3A001A067F /* PondMenuViewController + UITableViewDelegate + UITableViewDataSource.swift */,
			);
			path = PondMenuVC;
			sourceTree = "<group>";
		};
		9CDAE52E225E18630038B6FB /* Managers */ = {
			isa = PBXGroup;
			children = (
				9C8B6595225E18B5000B6A5B /* DefaultsManager.swift */,
				9CEDA7F7225F9E28004799A2 /* Palette.swift */,
				9CD7071322F9EE45001F30A7 /* AppearanceManager.swift */,
				9CFAB42F230B399100D3EF70 /* DepthMapGenerator.swift */,
				9C288B5D230C790C001A067F /* RealmManager.swift */,
			);
			path = Managers;
			sourceTree = "<group>";
		};
		9CE00A282221349600B7F220 /* RealmClasses */ = {
			isa = PBXGroup;
			children = (
				9CE00A262221325600B7F220 /* User.swift */,
				9CE00A29222136A300B7F220 /* FishInPond.swift */,
				9CE292832223DF4200FECF2B /* Record.swift */,
				9CDAE52C225E04DF0038B6FB /* Tackle.swift */,
			);
			path = RealmClasses;
			sourceTree = "<group>";
		};
		9CE00A2D2222E54600B7F220 /* Strings */ = {
			isa = PBXGroup;
			children = (
				9C5195B6222504580064E29E /* Inventory */,
				9C51B7E32223260700DBE37C /* Bases.swift */,
				9CE292812223D5F700FECF2B /* Locations.swift */,
				9C5195BB222509E80064E29E /* Fishes.swift */,
				9CEDA7F5225F972F004799A2 /* StaticStrings.swift */,
				9CFF8BC1228BDBB40076F269 /* FatalErrorMessages.swift */,
				9CFF8BBF228B2CD80076F269 /* MainPrimaryKeys.swift */,
			);
			path = Strings;
			sourceTree = "<group>";
		};
		9CE00A2E2222E56A00B7F220 /* Structs and Classes */ = {
			isa = PBXGroup;
			children = (
				9C5195B5222504450064E29E /* Inventory */,
				9C51B7DD22231B5700DBE37C /* Base.swift */,
				9C51B7E022231D3300DBE37C /* Location.swift */,
				9CE2927D2223D52300FECF2B /* DepthMap.swift */,
				9CE2927F2223D55900FECF2B /* FishPopulation.swift */,
				9C5195B7222507E30064E29E /* Fish.swift */,
				9CA1611D2262572300848A75 /* UserField.swift */,
			);
			path = "Structs and Classes";
			sourceTree = "<group>";
		};
		9CFAB420230AAAF700D3EF70 /* Locations */ = {
			isa = PBXGroup;
			children = (
				9C80B75123106ED2009AEEE8 /* moscow_river_1.jpg */,
				9C80B75223106ED2009AEEE8 /* moscow_river_2.jpg */,
			);
			path = Locations;
			sourceTree = "<group>";
		};
		9CFAB421230AAB1800D3EF70 /* Locations */ = {
			isa = PBXGroup;
			children = (
				9C80B74F23106EC8009AEEE8 /* platnik_2.jpg */,
				9CFAB42D230AFD7600D3EF70 /* platnik_1.jpg */,
			);
			path = Locations;
			sourceTree = "<group>";
		};
		9CFAB422230AAB2600D3EF70 /* Locations */ = {
			isa = PBXGroup;
			children = (
				9C80B75523106EDC009AEEE8 /* country_1.jpg */,
				9C80B75623106EDC009AEEE8 /* country_2.jpg */,
			);
			path = Locations;
			sourceTree = "<group>";
		};
		9CFAB424230AFAC500D3EF70 /* LocationVC */ = {
			isa = PBXGroup;
			children = (
				9CFAB425230AFAC500D3EF70 /* LocationViewModelType.swift */,
				9CFAB426230AFAC500D3EF70 /* LocationViewModel.swift */,
				9CFAB427230AFAC500D3EF70 /* LocationViewController.swift */,
				9CFAB428230AFAC500D3EF70 /* LocationStoryboard.storyboard */,
				9C80B75923113359009AEEE8 /* LocationViewController + UI + Bindings.swift */,
			);
			path = LocationVC;
			sourceTree = "<group>";
		};
		9CFF8B2922886A6E0076F269 /* Pickers */ = {
			isa = PBXGroup;
			children = (
				9CFF8B2A22886A6E0076F269 /* Extensions */,
				9CFF8B3C22886A6E0076F269 /* Viewers */,
				9CFF8B4022886A6E0076F269 /* Pickers */,
				9CFF8B7422886A6E0076F269 /* Views */,
			);
			name = Pickers;
			path = ../Pickers;
			sourceTree = "<group>";
		};
		9CFF8B2A22886A6E0076F269 /* Extensions */ = {
			isa = PBXGroup;
			children = (
				9CFF8B2B22886A6E0076F269 /* Array+Extensions.swift */,
				9CFF8B2C22886A6E0076F269 /* UISegmentedControl+Extensions.swift */,
				9CFF8B2E22886A6E0076F269 /* UIViewController+Extensions.swift */,
				9CFF8B3022886A6E0076F269 /* Date+Extension.swift */,
				9CFF8B3222886A6E0076F269 /* UITextView+Extensions.swift */,
				9CFF8B3322886A6E0076F269 /* UIColor+Extensions.swift */,
				9CFF8B3422886A6E0076F269 /* UIImage+Extensions.swift */,
				9CFF8B3522886A6E0076F269 /* UISearchBar+Extensions.swift */,
				9CFF8B3622886A6E0076F269 /* UIApplication+Extensions.swift */,
				9CFF8B3722886A6E0076F269 /* UIAlertController+Extensions.swift */,
				9CFF8B3822886A6E0076F269 /* Optional+Extensions.swift */,
				9CFF8B3922886A6E0076F269 /* Common+Extensions.swift */,
				9CFF8B3A22886A6E0076F269 /* Locale+Extensions.swift */,
				9CFF8B3B22886A6E0076F269 /* UITextField+Extensions.swift */,
			);
			path = Extensions;
			sourceTree = "<group>";
		};
		9CFF8B3C22886A6E0076F269 /* Viewers */ = {
			isa = PBXGroup;
			children = (
				9CFF8B3D22886A6E0076F269 /* Models */,
			);
			path = Viewers;
			sourceTree = "<group>";
		};
		9CFF8B3D22886A6E0076F269 /* Models */ = {
			isa = PBXGroup;
			children = (
				9CFF8B3E22886A6E0076F269 /* AttributedTextBlock.swift */,
			);
			path = Models;
			sourceTree = "<group>";
		};
		9CFF8B4022886A6E0076F269 /* Pickers */ = {
			isa = PBXGroup;
			children = (
				9CFF8B5B22886A6E0076F269 /* PickerView */,
			);
			path = Pickers;
			sourceTree = "<group>";
		};
		9CFF8B5B22886A6E0076F269 /* PickerView */ = {
			isa = PBXGroup;
			children = (
				9CFF8B5C22886A6E0076F269 /* PickerViewViewController.swift */,
			);
			path = PickerView;
			sourceTree = "<group>";
		};
		9CFF8B7422886A6E0076F269 /* Views */ = {
			isa = PBXGroup;
			children = (
				9CFF8B7622886A6E0076F269 /* SegmentedControl.swift */,
				9CFF8B7722886A6E0076F269 /* GradientSlider.swift */,
				9CFF8B7922886A6E0076F269 /* Button.swift */,
			);
			path = Views;
			sourceTree = "<group>";
		};
		9CFF8BB1228881030076F269 /* InventoryCell */ = {
			isa = PBXGroup;
			children = (
				9CFF8BB22288811A0076F269 /* InventoryTableViewCell.swift */,
				9CFF8BB6228941DC0076F269 /* InventoryTableViewCellViewModel.swift */,
				9CFF8BB4228941C60076F269 /* InventoryTableViewCellViewModelType.swift */,
			);
			path = InventoryCell;
			sourceTree = "<group>";
		};
		9CFF8BBA22897B480076F269 /* Extensions */ = {
			isa = PBXGroup;
			children = (
				9CFF8BBB22897BFF0076F269 /* ItemTypeFormatted.swift */,
				9CDD166422F233B60027C3AF /* moneyFormatted.swift */,
			);
			path = Extensions;
			sourceTree = "<group>";
		};
		C38EE56E8A7C4E5F419F5FE4 /* Pods */ = {
			isa = PBXGroup;
			children = (
				70F00DC093798F301CA59B25 /* Pods-MVVM-Fishing.debug.xcconfig */,
				7C248AEAC0AC3761ED101B27 /* Pods-MVVM-Fishing.release.xcconfig */,
			);
			name = Pods;
			sourceTree = "<group>";
		};
		CE0007BB246153D708A4BF1D /* Frameworks */ = {
			isa = PBXGroup;
			children = (
				0E3EE94E7F0A331B3DF713E2 /* Pods_MVVM_Fishing.framework */,
			);
			name = Frameworks;
			sourceTree = "<group>";
		};
/* End PBXGroup section */

/* Begin PBXNativeTarget section */
		9CAD523422207E8200732584 /* MVVM-Fishing */ = {
			isa = PBXNativeTarget;
			buildConfigurationList = 9CAD524722207E8600732584 /* Build configuration list for PBXNativeTarget "MVVM-Fishing" */;
			buildPhases = (
				427D4CA7D0768CF23BCDC6F7 /* [CP] Check Pods Manifest.lock */,
				9CAD523122207E8200732584 /* Sources */,
				9CAD523222207E8200732584 /* Frameworks */,
				9CAD523322207E8200732584 /* Resources */,
				296FBF88F930F5DE7EFFD9CF /* [CP] Embed Pods Frameworks */,
			);
			buildRules = (
			);
			dependencies = (
			);
			name = "MVVM-Fishing";
			productName = "MVVM-Fishing";
			productReference = 9CAD523522207E8200732584 /* MVVM-Fishing.app */;
			productType = "com.apple.product-type.application";
		};
/* End PBXNativeTarget section */

/* Begin PBXProject section */
		9CAD522D22207E8200732584 /* Project object */ = {
			isa = PBXProject;
			attributes = {
				LastSwiftUpdateCheck = 1010;
				LastUpgradeCheck = 1010;
				ORGANIZATIONNAME = "Роман Орлов";
				TargetAttributes = {
					9CAD523422207E8200732584 = {
						CreatedOnToolsVersion = 10.1;
						LastSwiftMigration = 1020;
					};
				};
			};
			buildConfigurationList = 9CAD523022207E8200732584 /* Build configuration list for PBXProject "MVVM-Fishing" */;
			compatibilityVersion = "Xcode 9.3";
			developmentRegion = en;
			hasScannedForEncodings = 0;
			knownRegions = (
				en,
				Base,
			);
			mainGroup = 9CAD522C22207E8200732584;
			productRefGroup = 9CAD523622207E8200732584 /* Products */;
			projectDirPath = "";
			projectRoot = "";
			targets = (
				9CAD523422207E8200732584 /* MVVM-Fishing */,
			);
		};
/* End PBXProject section */

/* Begin PBXResourcesBuildPhase section */
		9CAD523322207E8200732584 /* Resources */ = {
			isa = PBXResourcesBuildPhase;
			buildActionMask = 2147483647;
			files = (
				9CCD3D2322211D13008747FA /* PondMenuStoryboard.storyboard in Resources */,
				9C5383F22260FCFD00BFE552 /* FishMarketStoryboard.storyboard in Resources */,
				9C80B74A2310618A009AEEE8 /* ob_main.jpg in Resources */,
				9C80B75323106ED2009AEEE8 /* moscow_river_1.jpg in Resources */,
				9C6D6E0222FEFD9E00E5323C /* platnik_main.jpg in Resources */,
				9C80B74D23106EC0009AEEE8 /* ob_1.jpg in Resources */,
				9CCD3D1A222114A1008747FA /* InventoryStoryboard.storyboard in Resources */,
				9C6D6E0122FEFD9E00E5323C /* moscow_river_main.jpg in Resources */,
				9C80B75723106EDC009AEEE8 /* country_1.jpg in Resources */,
				9C80B75823106EDC009AEEE8 /* country_2.jpg in Resources */,
				9C80B74E23106EC0009AEEE8 /* ob_2.jpg in Resources */,
				9CBB226422EF66E400E18698 /* PondsStoryboard.storyboard in Resources */,
				9C6D6E0322FEFD9E00E5323C /* country_main.jpg in Resources */,
				9C80B75423106ED2009AEEE8 /* moscow_river_2.jpg in Resources */,
				9CAD524322207E8600732584 /* LaunchScreen.storyboard in Resources */,
				9C5195C9222542CC0064E29E /* ProfileStoryboard.storyboard in Resources */,
				9CAD523E22207E8200732584 /* Main.storyboard in Resources */,
				9CB3F331222C3D1E00B1F625 /* Assets.xcassets in Resources */,
				9CFAB41F230A88BB00D3EF70 /* travel.json in Resources */,
				9C753504226606EB00BF25F1 /* SettingsVCStoryboard.storyboard in Resources */,
				9C80B75023106EC9009AEEE8 /* platnik_2.jpg in Resources */,
				9CFAB42C230AFAC500D3EF70 /* LocationStoryboard.storyboard in Resources */,
				9C5195D522256E800064E29E /* StoreStoryboard.storyboard in Resources */,
				9CFAB42E230AFD7600D3EF70 /* platnik_1.jpg in Resources */,
			);
			runOnlyForDeploymentPostprocessing = 0;
		};
/* End PBXResourcesBuildPhase section */

/* Begin PBXShellScriptBuildPhase section */
		296FBF88F930F5DE7EFFD9CF /* [CP] Embed Pods Frameworks */ = {
			isa = PBXShellScriptBuildPhase;
			buildActionMask = 2147483647;
			files = (
			);
			inputFileListPaths = (
				"${PODS_ROOT}/Target Support Files/Pods-MVVM-Fishing/Pods-MVVM-Fishing-frameworks-${CONFIGURATION}-input-files.xcfilelist",
			);
			name = "[CP] Embed Pods Frameworks";
			outputFileListPaths = (
				"${PODS_ROOT}/Target Support Files/Pods-MVVM-Fishing/Pods-MVVM-Fishing-frameworks-${CONFIGURATION}-output-files.xcfilelist",
			);
			runOnlyForDeploymentPostprocessing = 0;
			shellPath = /bin/sh;
			shellScript = "\"${PODS_ROOT}/Target Support Files/Pods-MVVM-Fishing/Pods-MVVM-Fishing-frameworks.sh\"\n";
			showEnvVarsInLog = 0;
		};
		427D4CA7D0768CF23BCDC6F7 /* [CP] Check Pods Manifest.lock */ = {
			isa = PBXShellScriptBuildPhase;
			buildActionMask = 2147483647;
			files = (
			);
			inputFileListPaths = (
			);
			inputPaths = (
				"${PODS_PODFILE_DIR_PATH}/Podfile.lock",
				"${PODS_ROOT}/Manifest.lock",
			);
			name = "[CP] Check Pods Manifest.lock";
			outputFileListPaths = (
			);
			outputPaths = (
				"$(DERIVED_FILE_DIR)/Pods-MVVM-Fishing-checkManifestLockResult.txt",
			);
			runOnlyForDeploymentPostprocessing = 0;
			shellPath = /bin/sh;
			shellScript = "diff \"${PODS_PODFILE_DIR_PATH}/Podfile.lock\" \"${PODS_ROOT}/Manifest.lock\" > /dev/null\nif [ $? != 0 ] ; then\n    # print error to STDERR\n    echo \"error: The sandbox is not in sync with the Podfile.lock. Run 'pod install' or update your CocoaPods installation.\" >&2\n    exit 1\nfi\n# This output is used by Xcode 'outputs' to avoid re-running this script phase.\necho \"SUCCESS\" > \"${SCRIPT_OUTPUT_FILE_0}\"\n";
			showEnvVarsInLog = 0;
		};
/* End PBXShellScriptBuildPhase section */

/* Begin PBXSourcesBuildPhase section */
		9CAD523122207E8200732584 /* Sources */ = {
			isa = PBXSourcesBuildPhase;
			buildActionMask = 2147483647;
			files = (
				9CFF8B8A22886A6F0076F269 /* UITextField+Extensions.swift in Sources */,
				9CD7071422F9EE45001F30A7 /* AppearanceManager.swift in Sources */,
				9CB3F33C222CF0D300B1F625 /* HooksData.swift in Sources */,
				9CBB226322EF66E400E18698 /* PondsViewController + UICollectionViewDelegate + UICollectionViewDataSource.swift in Sources */,
				9C8B6596225E18B5000B6A5B /* DefaultsManager.swift in Sources */,
				9CFAB430230B399100D3EF70 /* DepthMapGenerator.swift in Sources */,
				9CB3F3292229656F00B1F625 /* ScrollBarCell.swift in Sources */,
				9CFF8B8322886A6F0076F269 /* UIImage+Extensions.swift in Sources */,
				9CFF8BB7228941DC0076F269 /* InventoryTableViewCellViewModel.swift in Sources */,
				9CFF8BAE22886A6F0076F269 /* Button.swift in Sources */,
				9C5383DA2260B52B00BFE552 /* ProfileTableViewCell.swift in Sources */,
				9CFAB42B230AFAC500D3EF70 /* LocationViewController.swift in Sources */,
				9CDD166322F230780027C3AF /* PondsViewController + UI + Bindings.swift in Sources */,
				9CE2927E2223D52300FECF2B /* DepthMap.swift in Sources */,
				9CFF8BBC22897BFF0076F269 /* ItemTypeFormatted.swift in Sources */,
				9CFF8B7F22886A6F0076F269 /* Date+Extension.swift in Sources */,
				9CBB226222EF66E400E18698 /* PondsViewController.swift in Sources */,
				9CBB226022EF66E400E18698 /* PondsCollectionViewCellViewModel.swift in Sources */,
				9C5195CD222543230064E29E /* ProfileViewModel.swift in Sources */,
				9C5383ED2260FCFD00BFE552 /* FishMarketViewModel.swift in Sources */,
				9C5195C022252CBC0064E29E /* Reel.swift in Sources */,
				9CFF8BB32288811A0076F269 /* InventoryTableViewCell.swift in Sources */,
				9CCD3D2522211D3B008747FA /* PondMenuViewController.swift in Sources */,
				9C5195BC222509E80064E29E /* Fishes.swift in Sources */,
				9CE00A2A222136A300B7F220 /* FishInPond.swift in Sources */,
				9C5195CB222543050064E29E /* ProfileViewController.swift in Sources */,
				9CEDA7F8225F9E28004799A2 /* Palette.swift in Sources */,
				9CD7071622F9EFB1001F30A7 /* AppearanceProtocol.swift in Sources */,
				9C5195D722256E920064E29E /* StoreViewModel.swift in Sources */,
				9C5195C422252F120064E29E /* Hookable.swift in Sources */,
				9CBAD1A6222D82630059CF16 /* StoreViewModelType.swift in Sources */,
				9CFAB42A230AFAC500D3EF70 /* LocationViewModel.swift in Sources */,
				9CE00A252221310100B7F220 /* Rod.swift in Sources */,
				9C80B75A23113359009AEEE8 /* LocationViewController + UI + Bindings.swift in Sources */,
				9CE292782223A13500FECF2B /* BasesData.swift in Sources */,
				9C288B59230C5EE5001A067F /* PondMenuTableViewCell.swift in Sources */,
				9C5383F12260FCFD00BFE552 /* FishMarketViewController.swift in Sources */,
				9C288B5C230C5F3A001A067F /* PondMenuViewController + UITableViewDelegate + UITableViewDataSource.swift in Sources */,
				9CBAD1A2222D215E0059CF16 /* StoreTableViewCellViewModelType.swift in Sources */,
				9C5195C222252E6A0064E29E /* Line.swift in Sources */,
				9CFF8B8422886A6F0076F269 /* UISearchBar+Extensions.swift in Sources */,
				9C288B58230C5EE5001A067F /* PondMenuTableViewCellViewModelType.swift in Sources */,
				9C753502226606EB00BF25F1 /* SettingsViewController.swift in Sources */,
				9C7534FD226606EB00BF25F1 /* SettingsViewControllerViewModelType.swift in Sources */,
				9CFF8BC2228BDBB40076F269 /* FatalErrorMessages.swift in Sources */,
				9C753500226606EB00BF25F1 /* SettingsTableViewCellViewModel.swift in Sources */,
				9CFF8BAC22886A6F0076F269 /* GradientSlider.swift in Sources */,
				9CFAB429230AFAC500D3EF70 /* LocationViewModelType.swift in Sources */,
				9CFF8B7B22886A6F0076F269 /* UISegmentedControl+Extensions.swift in Sources */,
				9CFF8B8922886A6F0076F269 /* Locale+Extensions.swift in Sources */,
				9CBB225E22EF66E400E18698 /* PondsViewModel.swift in Sources */,
				9C5383F02260FCFD00BFE552 /* FishMarketTableViewCell.swift in Sources */,
				9C5195BE222510C70064E29E /* Breakable.swift in Sources */,
				9CFF8B8122886A6F0076F269 /* UITextView+Extensions.swift in Sources */,
				9CAD523B22207E8200732584 /* MainViewController.swift in Sources */,
				9CFF8B7D22886A6F0076F269 /* UIViewController+Extensions.swift in Sources */,
				9CBB225F22EF66E400E18698 /* PondsCollectionViewCellViewModelType.swift in Sources */,
				9C0DD4E422F0587100D0F5BB /* PondMenuViewModelType.swift in Sources */,
				9C51B7E42223260700DBE37C /* Bases.swift in Sources */,
				9C5195B8222507E30064E29E /* Fish.swift in Sources */,
				9CCD3D2122211CD9008747FA /* InventoryViewModel.swift in Sources */,
				9C753501226606EB00BF25F1 /* SettingsTableViewCell.swift in Sources */,
				9CFF8B8522886A6F0076F269 /* UIApplication+Extensions.swift in Sources */,
				9CFF8BC0228B2CD80076F269 /* MainPrimaryKeys.swift in Sources */,
				9CFF8B7A22886A6F0076F269 /* Array+Extensions.swift in Sources */,
				9CE292802223D55900FECF2B /* FishPopulation.swift in Sources */,
				9C5383F42261016A00BFE552 /* FishMarketViewController + UITableViewDelegate + UITableViewDataSource.swift in Sources */,
				9C5383E22260C7AA00BFE552 /* ProfileViewControllerViewModelType.swift in Sources */,
				9CBAD1A4222D68300059CF16 /* StoreTableViewCellViewModel.swift in Sources */,
				9C08B492228D9A0700705207 /* StoreViewController + UI + Bindings.swift in Sources */,
				9CEDA7F6225F972F004799A2 /* StaticStrings.swift in Sources */,
				9C5383EC2260FCFD00BFE552 /* FishMarketViewControllerViewModelType.swift in Sources */,
				9C288B5E230C790C001A067F /* RealmManager.swift in Sources */,
				9CFF8B8B22886A6F0076F269 /* AttributedTextBlock.swift in Sources */,
				9CFF8B8222886A6F0076F269 /* UIColor+Extensions.swift in Sources */,
				9CB3F32D222A5E2800B1F625 /* ScrollBarCellDelegate.swift in Sources */,
				9CCD3D1822211477008747FA /* InventoryViewController.swift in Sources */,
				9C08B6DE22E747E500323D7F /* InventoryViewController + UI + Bindings.swift in Sources */,
				9CB3F335222CDC5200B1F625 /* Bait.swift in Sources */,
				9CE00A342222F31C00B7F220 /* RodsData.swift in Sources */,
				9CBB226122EF66E400E18698 /* PondsCollectionViewCell.swift in Sources */,
				9CE292842223DF4200FECF2B /* Record.swift in Sources */,
				9C5383E02260C78500BFE552 /* ProfileViewController + UITableViewDelegate + UITableViewDataSource.swift in Sources */,
				9CB3F33F222D07F800B1F625 /* StoreTableViewCell.swift in Sources */,
				9C5195D322256E770064E29E /* StoreViewController.swift in Sources */,
				9C51B7E122231D3300DBE37C /* Location.swift in Sources */,
				9CE00A272221325600B7F220 /* User.swift in Sources */,
				9CFAB432230BBC9800D3EF70 /* PondMenuViewController + UI + Bindings.swift in Sources */,
				9C5383DE2260B5E200BFE552 /* ProfileTableViewCellViewModelType.swift in Sources */,
				9CB3F333222C45B400B1F625 /* StoreViewController + UITableViewDelegate + UITableViewDataSource.swift in Sources */,
				9C5383EF2260FCFD00BFE552 /* FishMarketTableViewCellViewModel.swift in Sources */,
				9CE00A2C222142EB00B7F220 /* ItemType.swift in Sources */,
				9CA1611E2262572300848A75 /* UserField.swift in Sources */,
				9CFF8BB5228941C60076F269 /* InventoryTableViewCellViewModelType.swift in Sources */,
				9CA4E31922FDAEFD001D30B0 /* ProfileViewController + UI + Bindings.swift in Sources */,
				9C6BB3E4222E83F600A3AB57 /* BaitsData.swift in Sources */,
				9C5195C6222531770064E29E /* Hook.swift in Sources */,
				9CCD3D1F22211CBE008747FA /* PondMenuViewModel.swift in Sources */,
				9CDD166522F233B60027C3AF /* moneyFormatted.swift in Sources */,
				9CBB225D22EF66E400E18698 /* PondsViewModelType.swift in Sources */,
				9CFF8B8822886A6F0076F269 /* Common+Extensions.swift in Sources */,
				9C7534FF226606EB00BF25F1 /* SettingsTableViewCellViewModelType.swift in Sources */,
				9CFF8BAB22886A6F0076F269 /* SegmentedControl.swift in Sources */,
				9C753503226606EB00BF25F1 /* SettingsViewController + UITableViewDelegate + UITableViewDataSource.swift in Sources */,
				9CE00A302222E59800B7F220 /* Rods.swift in Sources */,
				9CFF8BBE228A91B10076F269 /* InventoryViewModelType.swift in Sources */,
				9C288B5A230C5EE5001A067F /* PondMenuTableViewCellViewModel.swift in Sources */,
				9CAD523922207E8200732584 /* AppDelegate.swift in Sources */,
				9C51B7DE22231B5700DBE37C /* Base.swift in Sources */,
				9CCD3D1C222119BF008747FA /* MainViewModel.swift in Sources */,
				9CFF8B9D22886A6F0076F269 /* PickerViewViewController.swift in Sources */,
				9CB3F3272229655D00B1F625 /* ScrollBar.swift in Sources */,
				9CFF8BB022887DB50076F269 /* InventoryViewController + UITableViewDelegate + UITableViewDataSource.swift in Sources */,
				9CE292822223D5F700FECF2B /* Locations.swift in Sources */,
				9C526303222571CB00776746 /* TopView.swift in Sources */,
				9C80B75C2311386E009AEEE8 /* TransparentTopView.swift in Sources */,
				9C6D6E052300295C00E5323C /* MainViewController + UI + Bindings.swift in Sources */,
				9C5383EE2260FCFD00BFE552 /* FishMarketTableViewCellViewModelType.swift in Sources */,
				9C7534FE226606EB00BF25F1 /* SettingsViewModel.swift in Sources */,
				9CB3F32B222A4B7700B1F625 /* ScrollBarDelegate.swift in Sources */,
				9CE2927C2223D1B700FECF2B /* LocationsData.swift in Sources */,
				9CB3F32F222BB03C00B1F625 /* InventoryTypes.swift in Sources */,
				9CB3F338222CDD8E00B1F625 /* ReelsData.swift in Sources */,
				9CFF8B8622886A6F0076F269 /* UIAlertController+Extensions.swift in Sources */,
				9CB3F33A222CDEBE00B1F625 /* LinesData.swift in Sources */,
				9CA16120226264C200848A75 /* Reflectable.swift in Sources */,
				9CFF8B8722886A6F0076F269 /* Optional+Extensions.swift in Sources */,
				9C5383DC2260B5C300BFE552 /* ProfileTableViewCellViewModel.swift in Sources */,
				9CDAE52D225E04DF0038B6FB /* Tackle.swift in Sources */,
			);
			runOnlyForDeploymentPostprocessing = 0;
		};
/* End PBXSourcesBuildPhase section */

/* Begin PBXVariantGroup section */
		9CAD523C22207E8200732584 /* Main.storyboard */ = {
			isa = PBXVariantGroup;
			children = (
				9CAD523D22207E8200732584 /* Base */,
			);
			name = Main.storyboard;
			sourceTree = "<group>";
		};
		9CAD524122207E8600732584 /* LaunchScreen.storyboard */ = {
			isa = PBXVariantGroup;
			children = (
				9CAD524222207E8600732584 /* Base */,
			);
			name = LaunchScreen.storyboard;
			sourceTree = "<group>";
		};
/* End PBXVariantGroup section */

/* Begin XCBuildConfiguration section */
		9CAD524522207E8600732584 /* Debug */ = {
			isa = XCBuildConfiguration;
			buildSettings = {
				ALWAYS_SEARCH_USER_PATHS = NO;
				CLANG_ANALYZER_NONNULL = YES;
				CLANG_ANALYZER_NUMBER_OBJECT_CONVERSION = YES_AGGRESSIVE;
				CLANG_CXX_LANGUAGE_STANDARD = "gnu++14";
				CLANG_CXX_LIBRARY = "libc++";
				CLANG_ENABLE_MODULES = YES;
				CLANG_ENABLE_OBJC_ARC = YES;
				CLANG_ENABLE_OBJC_WEAK = YES;
				CLANG_WARN_BLOCK_CAPTURE_AUTORELEASING = YES;
				CLANG_WARN_BOOL_CONVERSION = YES;
				CLANG_WARN_COMMA = YES;
				CLANG_WARN_CONSTANT_CONVERSION = YES;
				CLANG_WARN_DEPRECATED_OBJC_IMPLEMENTATIONS = YES;
				CLANG_WARN_DIRECT_OBJC_ISA_USAGE = YES_ERROR;
				CLANG_WARN_DOCUMENTATION_COMMENTS = YES;
				CLANG_WARN_EMPTY_BODY = YES;
				CLANG_WARN_ENUM_CONVERSION = YES;
				CLANG_WARN_INFINITE_RECURSION = YES;
				CLANG_WARN_INT_CONVERSION = YES;
				CLANG_WARN_NON_LITERAL_NULL_CONVERSION = YES;
				CLANG_WARN_OBJC_IMPLICIT_RETAIN_SELF = YES;
				CLANG_WARN_OBJC_LITERAL_CONVERSION = YES;
				CLANG_WARN_OBJC_ROOT_CLASS = YES_ERROR;
				CLANG_WARN_RANGE_LOOP_ANALYSIS = YES;
				CLANG_WARN_STRICT_PROTOTYPES = YES;
				CLANG_WARN_SUSPICIOUS_MOVE = YES;
				CLANG_WARN_UNGUARDED_AVAILABILITY = YES_AGGRESSIVE;
				CLANG_WARN_UNREACHABLE_CODE = YES;
				CLANG_WARN__DUPLICATE_METHOD_MATCH = YES;
				CODE_SIGN_IDENTITY = "iPhone Developer";
				COPY_PHASE_STRIP = NO;
				DEBUG_INFORMATION_FORMAT = dwarf;
				ENABLE_STRICT_OBJC_MSGSEND = YES;
				ENABLE_TESTABILITY = YES;
				GCC_C_LANGUAGE_STANDARD = gnu11;
				GCC_DYNAMIC_NO_PIC = NO;
				GCC_NO_COMMON_BLOCKS = YES;
				GCC_OPTIMIZATION_LEVEL = 0;
				GCC_PREPROCESSOR_DEFINITIONS = (
					"DEBUG=1",
					"$(inherited)",
				);
				GCC_WARN_64_TO_32_BIT_CONVERSION = YES;
				GCC_WARN_ABOUT_RETURN_TYPE = YES_ERROR;
				GCC_WARN_UNDECLARED_SELECTOR = YES;
				GCC_WARN_UNINITIALIZED_AUTOS = YES_AGGRESSIVE;
				GCC_WARN_UNUSED_FUNCTION = YES;
				GCC_WARN_UNUSED_VARIABLE = YES;
				IPHONEOS_DEPLOYMENT_TARGET = 12.1;
				MTL_ENABLE_DEBUG_INFO = INCLUDE_SOURCE;
				MTL_FAST_MATH = YES;
				ONLY_ACTIVE_ARCH = YES;
				SDKROOT = iphoneos;
				SWIFT_ACTIVE_COMPILATION_CONDITIONS = DEBUG;
				SWIFT_OPTIMIZATION_LEVEL = "-Onone";
			};
			name = Debug;
		};
		9CAD524622207E8600732584 /* Release */ = {
			isa = XCBuildConfiguration;
			buildSettings = {
				ALWAYS_SEARCH_USER_PATHS = NO;
				CLANG_ANALYZER_NONNULL = YES;
				CLANG_ANALYZER_NUMBER_OBJECT_CONVERSION = YES_AGGRESSIVE;
				CLANG_CXX_LANGUAGE_STANDARD = "gnu++14";
				CLANG_CXX_LIBRARY = "libc++";
				CLANG_ENABLE_MODULES = YES;
				CLANG_ENABLE_OBJC_ARC = YES;
				CLANG_ENABLE_OBJC_WEAK = YES;
				CLANG_WARN_BLOCK_CAPTURE_AUTORELEASING = YES;
				CLANG_WARN_BOOL_CONVERSION = YES;
				CLANG_WARN_COMMA = YES;
				CLANG_WARN_CONSTANT_CONVERSION = YES;
				CLANG_WARN_DEPRECATED_OBJC_IMPLEMENTATIONS = YES;
				CLANG_WARN_DIRECT_OBJC_ISA_USAGE = YES_ERROR;
				CLANG_WARN_DOCUMENTATION_COMMENTS = YES;
				CLANG_WARN_EMPTY_BODY = YES;
				CLANG_WARN_ENUM_CONVERSION = YES;
				CLANG_WARN_INFINITE_RECURSION = YES;
				CLANG_WARN_INT_CONVERSION = YES;
				CLANG_WARN_NON_LITERAL_NULL_CONVERSION = YES;
				CLANG_WARN_OBJC_IMPLICIT_RETAIN_SELF = YES;
				CLANG_WARN_OBJC_LITERAL_CONVERSION = YES;
				CLANG_WARN_OBJC_ROOT_CLASS = YES_ERROR;
				CLANG_WARN_RANGE_LOOP_ANALYSIS = YES;
				CLANG_WARN_STRICT_PROTOTYPES = YES;
				CLANG_WARN_SUSPICIOUS_MOVE = YES;
				CLANG_WARN_UNGUARDED_AVAILABILITY = YES_AGGRESSIVE;
				CLANG_WARN_UNREACHABLE_CODE = YES;
				CLANG_WARN__DUPLICATE_METHOD_MATCH = YES;
				CODE_SIGN_IDENTITY = "iPhone Developer";
				COPY_PHASE_STRIP = NO;
				DEBUG_INFORMATION_FORMAT = "dwarf-with-dsym";
				ENABLE_NS_ASSERTIONS = NO;
				ENABLE_STRICT_OBJC_MSGSEND = YES;
				GCC_C_LANGUAGE_STANDARD = gnu11;
				GCC_NO_COMMON_BLOCKS = YES;
				GCC_WARN_64_TO_32_BIT_CONVERSION = YES;
				GCC_WARN_ABOUT_RETURN_TYPE = YES_ERROR;
				GCC_WARN_UNDECLARED_SELECTOR = YES;
				GCC_WARN_UNINITIALIZED_AUTOS = YES_AGGRESSIVE;
				GCC_WARN_UNUSED_FUNCTION = YES;
				GCC_WARN_UNUSED_VARIABLE = YES;
				IPHONEOS_DEPLOYMENT_TARGET = 12.1;
				MTL_ENABLE_DEBUG_INFO = NO;
				MTL_FAST_MATH = YES;
				SDKROOT = iphoneos;
				SWIFT_COMPILATION_MODE = wholemodule;
				SWIFT_OPTIMIZATION_LEVEL = "-O";
				VALIDATE_PRODUCT = YES;
			};
			name = Release;
		};
		9CAD524822207E8600732584 /* Debug */ = {
			isa = XCBuildConfiguration;
			baseConfigurationReference = 70F00DC093798F301CA59B25 /* Pods-MVVM-Fishing.debug.xcconfig */;
			buildSettings = {
				ASSETCATALOG_COMPILER_APPICON_NAME = AppIcon;
				CODE_SIGN_STYLE = Automatic;
				DEVELOPMENT_TEAM = 54348F7W87;
				GCC_OPTIMIZATION_LEVEL = 0;
				INFOPLIST_FILE = "MVVM-Fishing/Info.plist";
				LD_RUNPATH_SEARCH_PATHS = (
					"$(inherited)",
					"@executable_path/Frameworks",
				);
				PRODUCT_BUNDLE_IDENTIFIER = "FishCode.MVVM-Fishing";
				PRODUCT_NAME = "$(TARGET_NAME)";
				SWIFT_OPTIMIZATION_LEVEL = "-Onone";
				SWIFT_VERSION = 5.0;
				TARGETED_DEVICE_FAMILY = 1;
			};
			name = Debug;
		};
		9CAD524922207E8600732584 /* Release */ = {
			isa = XCBuildConfiguration;
			baseConfigurationReference = 7C248AEAC0AC3761ED101B27 /* Pods-MVVM-Fishing.release.xcconfig */;
			buildSettings = {
				ASSETCATALOG_COMPILER_APPICON_NAME = AppIcon;
				CODE_SIGN_STYLE = Automatic;
				DEVELOPMENT_TEAM = 54348F7W87;
				INFOPLIST_FILE = "MVVM-Fishing/Info.plist";
				LD_RUNPATH_SEARCH_PATHS = (
					"$(inherited)",
					"@executable_path/Frameworks",
				);
				PRODUCT_BUNDLE_IDENTIFIER = "FishCode.MVVM-Fishing";
				PRODUCT_NAME = "$(TARGET_NAME)";
				SWIFT_VERSION = 5.0;
				TARGETED_DEVICE_FAMILY = 1;
			};
			name = Release;
		};
/* End XCBuildConfiguration section */

/* Begin XCConfigurationList section */
		9CAD523022207E8200732584 /* Build configuration list for PBXProject "MVVM-Fishing" */ = {
			isa = XCConfigurationList;
			buildConfigurations = (
				9CAD524522207E8600732584 /* Debug */,
				9CAD524622207E8600732584 /* Release */,
			);
			defaultConfigurationIsVisible = 0;
			defaultConfigurationName = Release;
		};
		9CAD524722207E8600732584 /* Build configuration list for PBXNativeTarget "MVVM-Fishing" */ = {
			isa = XCConfigurationList;
			buildConfigurations = (
				9CAD524822207E8600732584 /* Debug */,
				9CAD524922207E8600732584 /* Release */,
			);
			defaultConfigurationIsVisible = 0;
			defaultConfigurationName = Release;
		};
/* End XCConfigurationList section */
	};
	rootObject = 9CAD522D22207E8200732584 /* Project object */;
}
